
Microsoft Visual Studio Solution File, Format Version 12.00
# Visual Studio Version 16
VisualStudioVersion = 16.0.30204.135
MinimumVisualStudioVersion = 10.0.40219.1
Project("{FAE04EC0-301F-11D3-BF4B-00C04F79EFBC}") = "Countdown", "Countdown\Countdown.csproj", "{0A73F56D-E629-4289-9E05-BF493EC898A1}"
EndProject
Project("{FAE04EC0-301F-11D3-BF4B-00C04F79EFBC}") = "Teller", "Teller\Teller.csproj", "{FF6E9BB4-33A9-403D-8087-515C78157A40}"
EndProject
Project("{FAE04EC0-301F-11D3-BF4B-00C04F79EFBC}") = "Faculteit", "Faculteit\Faculteit.csproj", "{17E97BE5-890D-4FA2-A281-635F10C98043}"
EndProject
Project("{FAE04EC0-301F-11D3-BF4B-00C04F79EFBC}") = "ReverseString", "ReverseString\ReverseString.csproj", "{7CBEA434-7917-44ED-9126-D85D8FAD21C5}"
EndProject
Global
	GlobalSection(SolutionConfigurationPlatforms) = preSolution
		Debug|Any CPU = Debug|Any CPU
		Release|Any CPU = Release|Any CPU
	EndGlobalSection
	GlobalSection(ProjectConfigurationPlatforms) = postSolution
		{0A73F56D-E629-4289-9E05-BF493EC898A1}.Debug|Any CPU.ActiveCfg = Debug|Any CPU
		{0A73F56D-E629-4289-9E05-BF493EC898A1}.Debug|Any CPU.Build.0 = Debug|Any CPU
		{0A73F56D-E629-4289-9E05-BF493EC898A1}.Release|Any CPU.ActiveCfg = Release|Any CPU
		{0A73F56D-E629-4289-9E05-BF493EC898A1}.Release|Any CPU.Build.0 = Release|Any CPU
		{FF6E9BB4-33A9-403D-8087-515C78157A40}.Debug|Any CPU.ActiveCfg = Debug|Any CPU
		{FF6E9BB4-33A9-403D-8087-515C78157A40}.Debug|Any CPU.Build.0 = Debug|Any CPU
		{FF6E9BB4-33A9-403D-8087-515C78157A40}.Release|Any CPU.ActiveCfg = Release|Any CPU
		{FF6E9BB4-33A9-403D-8087-515C78157A40}.Release|Any CPU.Build.0 = Release|Any CPU
		{17E97BE5-890D-4FA2-A281-635F10C98043}.Debug|Any CPU.ActiveCfg = Debug|Any CPU
		{17E97BE5-890D-4FA2-A281-635F10C98043}.Debug|Any CPU.Build.0 = Debug|Any CPU
		{17E97BE5-890D-4FA2-A281-635F10C98043}.Release|Any CPU.ActiveCfg = Release|Any CPU
		{17E97BE5-890D-4FA2-A281-635F10C98043}.Release|Any CPU.Build.0 = Release|Any CPU
		{7CBEA434-7917-44ED-9126-D85D8FAD21C5}.Debug|Any CPU.ActiveCfg = Debug|Any CPU
		{7CBEA434-7917-44ED-9126-D85D8FAD21C5}.Debug|Any CPU.Build.0 = Debug|Any CPU
		{7CBEA434-7917-44ED-9126-D85D8FAD21C5}.Release|Any CPU.ActiveCfg = Release|Any CPU
		{7CBEA434-7917-44ED-9126-D85D8FAD21C5}.Release|Any CPU.Build.0 = Release|Any CPU
	EndGlobalSection
	GlobalSection(SolutionProperties) = preSolution
		HideSolutionNode = FALSE
	EndGlobalSection
	GlobalSection(ExtensibilityGlobals) = postSolution
		SolutionGuid = {7930E650-9179-4885-BDAF-76E5527F026F}
	EndGlobalSection
EndGlobal
