
Microsoft Visual Studio Solution File, Format Version 12.00
# Visual Studio Version 16
VisualStudioVersion = 16.0.30804.86
MinimumVisualStudioVersion = 10.0.40219.1
Project("{9A19103F-16F7-4668-BE54-9A1E7A4F7556}") = "BubbleSort", "BubbleSort\BubbleSort.csproj", "{F38E4F2A-3535-4E7D-BB16-4158D4BC895A}"
EndProject
Project("{2150E333-8FDC-42A3-9474-1A3956D46DE8}") = "Sorteer algoritmes", "Sorteer algoritmes", "{656C9CA6-5746-4B27-AD0C-E29FA823F3B8}"
EndProject
Project("{9A19103F-16F7-4668-BE54-9A1E7A4F7556}") = "Selection sort", "Selection sort\Selection sort.csproj", "{D25D718D-A153-4E82-9C39-622DDC4B895B}"
EndProject
Project("{9A19103F-16F7-4668-BE54-9A1E7A4F7556}") = "Insertion Sort", "Insertion Sort\Insertion Sort.csproj", "{2A74B53C-8B30-4751-9A57-405DC26BA16D}"
EndProject
Project("{9A19103F-16F7-4668-BE54-9A1E7A4F7556}") = "Quicksort", "Quicksort\Quicksort.csproj", "{7A58F7A3-4328-4EFF-BEBA-79C29DBE0BB6}"
EndProject
Project("{9A19103F-16F7-4668-BE54-9A1E7A4F7556}") = "MergeSort", "MergeSort\MergeSort.csproj", "{F4B5BA16-E7FC-4270-88A6-E032BABFD75D}"
EndProject
Project("{2150E333-8FDC-42A3-9474-1A3956D46DE8}") = "Zoek algoritmes", "Zoek algoritmes", "{4DBDCF53-CF62-49A7-8A28-671D7E999243}"
EndProject
Project("{9A19103F-16F7-4668-BE54-9A1E7A4F7556}") = "TimSort", "TimSort\TimSort.csproj", "{AD39383E-AAF7-43FF-B813-18DC9CF3C902}"
EndProject
Project("{9A19103F-16F7-4668-BE54-9A1E7A4F7556}") = "HeapSort", "HeapSort\HeapSort.csproj", "{BF50B819-7B0B-4ED8-BD51-59F13CBC8081}"
EndProject
Project("{9A19103F-16F7-4668-BE54-9A1E7A4F7556}") = "BucketSort", "BucketSort\BucketSort.csproj", "{B7111464-D057-421F-9507-A9A5CB2A3BA3}"
EndProject
Project("{9A19103F-16F7-4668-BE54-9A1E7A4F7556}") = "CountingSort", "CountingSort\CountingSort.csproj", "{D4687BB8-DC18-4E05-8D2D-B1CE081E6646}"
EndProject
Project("{9A19103F-16F7-4668-BE54-9A1E7A4F7556}") = "RadixSort", "RadixSort\RadixSort.csproj", "{A7B7442B-2FA6-4C2A-A8EF-087DE81C859B}"
EndProject
Project("{9A19103F-16F7-4668-BE54-9A1E7A4F7556}") = "BitonicSort", "BitonicSort\BitonicSort.csproj", "{3A3C40D9-D37F-4332-8BD8-00D9A8F3E88F}"
EndProject
Project("{9A19103F-16F7-4668-BE54-9A1E7A4F7556}") = "FirstandLast Pos in sorted array", "FirstandLast Pos in sorted array\FirstandLast Pos in sorted array.csproj", "{776BDFC1-2D3D-4A5E-82DD-7D1EA17025B0}"
EndProject
Project("{2150E333-8FDC-42A3-9474-1A3956D46DE8}") = "LinkedList", "LinkedList", "{03C49686-9CAC-4931-8C56-A572556A1F9B}"
EndProject
Project("{9A19103F-16F7-4668-BE54-9A1E7A4F7556}") = "SSL", "SSL\SSL.csproj", "{5ABA7AA0-DA15-4693-8353-FD7E0FF1A154}"
EndProject
Project("{2150E333-8FDC-42A3-9474-1A3956D46DE8}") = "Doubly Linked List", "Doubly Linked List", "{EB43309F-7637-4EE9-B103-5F3C73BCC323}"
EndProject
Project("{9A19103F-16F7-4668-BE54-9A1E7A4F7556}") = "DLL", "DLL\DLL.csproj", "{B71C9964-BC39-4C3D-B5DF-8BF29482E743}"
EndProject
Project("{9A19103F-16F7-4668-BE54-9A1E7A4F7556}") = "JumpSearch", "JumpSearch\JumpSearch.csproj", "{510226C6-C9D1-4B40-9B65-83336D1D3324}"
EndProject
Project("{9A19103F-16F7-4668-BE54-9A1E7A4F7556}") = "Interpolation search", "Interpolation search\Interpolation search.csproj", "{DC54E36F-79A0-45C6-A347-8A8F90A44BB9}"
EndProject
Project("{9A19103F-16F7-4668-BE54-9A1E7A4F7556}") = "Exponentiele Search", "Exponentiele Search\Exponentiele Search.csproj", "{B9311728-C117-4558-9EE0-14C5C9437B4F}"
EndProject
Project("{9A19103F-16F7-4668-BE54-9A1E7A4F7556}") = "Sublist Search (Search a linked list in another list)", "Sublist Search (Search a linked list in another list)\Sublist Search (Search a linked list in another list).csproj", "{41E71016-819E-455D-A120-876C7BA4FB88}"
EndProject
Project("{9A19103F-16F7-4668-BE54-9A1E7A4F7556}") = "Febonacci Search", "Febonacci Search\Febonacci Search.csproj", "{FBD90F20-E322-4B63-9BCE-497296E9726C}"
EndProject
Project("{9A19103F-16F7-4668-BE54-9A1E7A4F7556}") = "Linieare Search recursief", "Linieare Search\Linieare Search recursief.csproj", "{E1458416-A492-410B-9EF5-424914751D2D}"
EndProject
Project("{9A19103F-16F7-4668-BE54-9A1E7A4F7556}") = "REcursief zoek woord in zin", "REcursief zoek woord in zin\REcursief zoek woord in zin.csproj", "{4A867400-04BD-4F1F-B760-E35F9CB1180F}"
EndProject
Project("{9A19103F-16F7-4668-BE54-9A1E7A4F7556}") = "Unbounded Binary Search", "Unbounded Binary Search\Unbounded Binary Search.csproj", "{BE2499BE-82BD-4C1B-BB03-1A19C2CEC81F}"
EndProject
Project("{9A19103F-16F7-4668-BE54-9A1E7A4F7556}") = "BinarySearch Cleaner", "BinarySearch Cleaner\BinarySearch Cleaner.csproj", "{897D8D8C-43E1-41CB-B8CA-F3B1BB4C05E5}"
EndProject
Project("{2150E333-8FDC-42A3-9474-1A3956D46DE8}") = "Coding problems", "Coding problems", "{A851CFF5-570A-4A89-88F2-DDEDDE7D86E5}"
EndProject
Project("{9A19103F-16F7-4668-BE54-9A1E7A4F7556}") = "Find missing num", "Find missing num\Find missing num.csproj", "{3E870504-455B-44ED-A48E-94B4C7439DC7}"
EndProject
Project("{9A19103F-16F7-4668-BE54-9A1E7A4F7556}") = "Search an element in a sorted and rotated array", "Search an element in a sorted and rotated array\Search an element in a sorted and rotated array.csproj", "{75AFF6B8-B8DB-4B29-8395-09D537DBCCE9}"
EndProject
Project("{9A19103F-16F7-4668-BE54-9A1E7A4F7556}") = "Mediam of 2 sorted arr", "Mediam of @sorted arr\Mediam of 2 sorted arr.csproj", "{151DA3EF-7C81-4BF3-A5B7-29B95FE5A17F}"
EndProject
Project("{9A19103F-16F7-4668-BE54-9A1E7A4F7556}") = "Smallest and second Smallets element in array", "Smallest and second Smallets element in array\Smallest and second Smallets element in array.csproj", "{386A1364-5385-40C9-A369-98EC90DB9BFB}"
EndProject
Project("{9A19103F-16F7-4668-BE54-9A1E7A4F7556}") = "minMax Arr", "minMax Arr\minMax Arr.csproj", "{264A46C8-597C-48ED-8F45-3CBEA3CDD37F}"
EndProject
Project("{9A19103F-16F7-4668-BE54-9A1E7A4F7556}") = "Count voorkomen", "Count voorkomen\Count voorkomen.csproj", "{237A2A1F-D1FC-4AD8-8980-8A7C95AB15BA}"
EndProject
Project("{9A19103F-16F7-4668-BE54-9A1E7A4F7556}") = "Find the repeating and the missing", "Find the repeating and the missing\Find the repeating and the missing.csproj", "{11ACE57D-5B25-4339-AAF1-AF81E829AB90}"
EndProject
Project("{9A19103F-16F7-4668-BE54-9A1E7A4F7556}") = "find Peak element", "find Peak element\find Peak element.csproj", "{4555A232-C849-4F59-B863-F0509CA9EEE6}"
EndProject
Project("{9A19103F-16F7-4668-BE54-9A1E7A4F7556}") = "moreThanNdK", "moreThanNdK\moreThanNdK.csproj", "{52067826-3CF5-4910-91A1-8E2F3B68ED4E}"
EndProject
Project("{2150E333-8FDC-42A3-9474-1A3956D46DE8}") = ".netklassen", ".netklassen", "{8C0843BD-DAED-4A3C-96A5-D60137649179}"
EndProject
Project("{FAE04EC0-301F-11D3-BF4B-00C04F79EFBC}") = "SortedList .net", "SortedList .net\SortedList .net.csproj", "{5746532F-5060-468B-8901-67946AA6502D}"
EndProject
Global
	GlobalSection(SolutionConfigurationPlatforms) = preSolution
		Debug|Any CPU = Debug|Any CPU
		Release|Any CPU = Release|Any CPU
	EndGlobalSection
	GlobalSection(ProjectConfigurationPlatforms) = postSolution
		{F38E4F2A-3535-4E7D-BB16-4158D4BC895A}.Debug|Any CPU.ActiveCfg = Debug|Any CPU
		{F38E4F2A-3535-4E7D-BB16-4158D4BC895A}.Debug|Any CPU.Build.0 = Debug|Any CPU
		{F38E4F2A-3535-4E7D-BB16-4158D4BC895A}.Release|Any CPU.ActiveCfg = Release|Any CPU
		{F38E4F2A-3535-4E7D-BB16-4158D4BC895A}.Release|Any CPU.Build.0 = Release|Any CPU
		{D25D718D-A153-4E82-9C39-622DDC4B895B}.Debug|Any CPU.ActiveCfg = Debug|Any CPU
		{D25D718D-A153-4E82-9C39-622DDC4B895B}.Debug|Any CPU.Build.0 = Debug|Any CPU
		{D25D718D-A153-4E82-9C39-622DDC4B895B}.Release|Any CPU.ActiveCfg = Release|Any CPU
		{D25D718D-A153-4E82-9C39-622DDC4B895B}.Release|Any CPU.Build.0 = Release|Any CPU
		{2A74B53C-8B30-4751-9A57-405DC26BA16D}.Debug|Any CPU.ActiveCfg = Debug|Any CPU
		{2A74B53C-8B30-4751-9A57-405DC26BA16D}.Debug|Any CPU.Build.0 = Debug|Any CPU
		{2A74B53C-8B30-4751-9A57-405DC26BA16D}.Release|Any CPU.ActiveCfg = Release|Any CPU
		{2A74B53C-8B30-4751-9A57-405DC26BA16D}.Release|Any CPU.Build.0 = Release|Any CPU
		{7A58F7A3-4328-4EFF-BEBA-79C29DBE0BB6}.Debug|Any CPU.ActiveCfg = Debug|Any CPU
		{7A58F7A3-4328-4EFF-BEBA-79C29DBE0BB6}.Debug|Any CPU.Build.0 = Debug|Any CPU
		{7A58F7A3-4328-4EFF-BEBA-79C29DBE0BB6}.Release|Any CPU.ActiveCfg = Release|Any CPU
		{7A58F7A3-4328-4EFF-BEBA-79C29DBE0BB6}.Release|Any CPU.Build.0 = Release|Any CPU
		{F4B5BA16-E7FC-4270-88A6-E032BABFD75D}.Debug|Any CPU.ActiveCfg = Debug|Any CPU
		{F4B5BA16-E7FC-4270-88A6-E032BABFD75D}.Debug|Any CPU.Build.0 = Debug|Any CPU
		{F4B5BA16-E7FC-4270-88A6-E032BABFD75D}.Release|Any CPU.ActiveCfg = Release|Any CPU
		{F4B5BA16-E7FC-4270-88A6-E032BABFD75D}.Release|Any CPU.Build.0 = Release|Any CPU
		{AD39383E-AAF7-43FF-B813-18DC9CF3C902}.Debug|Any CPU.ActiveCfg = Debug|Any CPU
		{AD39383E-AAF7-43FF-B813-18DC9CF3C902}.Debug|Any CPU.Build.0 = Debug|Any CPU
		{AD39383E-AAF7-43FF-B813-18DC9CF3C902}.Release|Any CPU.ActiveCfg = Release|Any CPU
		{AD39383E-AAF7-43FF-B813-18DC9CF3C902}.Release|Any CPU.Build.0 = Release|Any CPU
		{BF50B819-7B0B-4ED8-BD51-59F13CBC8081}.Debug|Any CPU.ActiveCfg = Debug|Any CPU
		{BF50B819-7B0B-4ED8-BD51-59F13CBC8081}.Debug|Any CPU.Build.0 = Debug|Any CPU
		{BF50B819-7B0B-4ED8-BD51-59F13CBC8081}.Release|Any CPU.ActiveCfg = Release|Any CPU
		{BF50B819-7B0B-4ED8-BD51-59F13CBC8081}.Release|Any CPU.Build.0 = Release|Any CPU
		{B7111464-D057-421F-9507-A9A5CB2A3BA3}.Debug|Any CPU.ActiveCfg = Debug|Any CPU
		{B7111464-D057-421F-9507-A9A5CB2A3BA3}.Debug|Any CPU.Build.0 = Debug|Any CPU
		{B7111464-D057-421F-9507-A9A5CB2A3BA3}.Release|Any CPU.ActiveCfg = Release|Any CPU
		{B7111464-D057-421F-9507-A9A5CB2A3BA3}.Release|Any CPU.Build.0 = Release|Any CPU
		{D4687BB8-DC18-4E05-8D2D-B1CE081E6646}.Debug|Any CPU.ActiveCfg = Debug|Any CPU
		{D4687BB8-DC18-4E05-8D2D-B1CE081E6646}.Debug|Any CPU.Build.0 = Debug|Any CPU
		{D4687BB8-DC18-4E05-8D2D-B1CE081E6646}.Release|Any CPU.ActiveCfg = Release|Any CPU
		{D4687BB8-DC18-4E05-8D2D-B1CE081E6646}.Release|Any CPU.Build.0 = Release|Any CPU
		{A7B7442B-2FA6-4C2A-A8EF-087DE81C859B}.Debug|Any CPU.ActiveCfg = Debug|Any CPU
		{A7B7442B-2FA6-4C2A-A8EF-087DE81C859B}.Debug|Any CPU.Build.0 = Debug|Any CPU
		{A7B7442B-2FA6-4C2A-A8EF-087DE81C859B}.Release|Any CPU.ActiveCfg = Release|Any CPU
		{A7B7442B-2FA6-4C2A-A8EF-087DE81C859B}.Release|Any CPU.Build.0 = Release|Any CPU
		{3A3C40D9-D37F-4332-8BD8-00D9A8F3E88F}.Debug|Any CPU.ActiveCfg = Debug|Any CPU
		{3A3C40D9-D37F-4332-8BD8-00D9A8F3E88F}.Debug|Any CPU.Build.0 = Debug|Any CPU
		{3A3C40D9-D37F-4332-8BD8-00D9A8F3E88F}.Release|Any CPU.ActiveCfg = Release|Any CPU
		{3A3C40D9-D37F-4332-8BD8-00D9A8F3E88F}.Release|Any CPU.Build.0 = Release|Any CPU
		{776BDFC1-2D3D-4A5E-82DD-7D1EA17025B0}.Debug|Any CPU.ActiveCfg = Debug|Any CPU
		{776BDFC1-2D3D-4A5E-82DD-7D1EA17025B0}.Debug|Any CPU.Build.0 = Debug|Any CPU
		{776BDFC1-2D3D-4A5E-82DD-7D1EA17025B0}.Release|Any CPU.ActiveCfg = Release|Any CPU
		{776BDFC1-2D3D-4A5E-82DD-7D1EA17025B0}.Release|Any CPU.Build.0 = Release|Any CPU
		{5ABA7AA0-DA15-4693-8353-FD7E0FF1A154}.Debug|Any CPU.ActiveCfg = Debug|Any CPU
		{5ABA7AA0-DA15-4693-8353-FD7E0FF1A154}.Debug|Any CPU.Build.0 = Debug|Any CPU
		{5ABA7AA0-DA15-4693-8353-FD7E0FF1A154}.Release|Any CPU.ActiveCfg = Release|Any CPU
		{5ABA7AA0-DA15-4693-8353-FD7E0FF1A154}.Release|Any CPU.Build.0 = Release|Any CPU
		{B71C9964-BC39-4C3D-B5DF-8BF29482E743}.Debug|Any CPU.ActiveCfg = Debug|Any CPU
		{B71C9964-BC39-4C3D-B5DF-8BF29482E743}.Debug|Any CPU.Build.0 = Debug|Any CPU
		{B71C9964-BC39-4C3D-B5DF-8BF29482E743}.Release|Any CPU.ActiveCfg = Release|Any CPU
		{B71C9964-BC39-4C3D-B5DF-8BF29482E743}.Release|Any CPU.Build.0 = Release|Any CPU
		{510226C6-C9D1-4B40-9B65-83336D1D3324}.Debug|Any CPU.ActiveCfg = Debug|Any CPU
		{510226C6-C9D1-4B40-9B65-83336D1D3324}.Debug|Any CPU.Build.0 = Debug|Any CPU
		{510226C6-C9D1-4B40-9B65-83336D1D3324}.Release|Any CPU.ActiveCfg = Release|Any CPU
		{510226C6-C9D1-4B40-9B65-83336D1D3324}.Release|Any CPU.Build.0 = Release|Any CPU
		{DC54E36F-79A0-45C6-A347-8A8F90A44BB9}.Debug|Any CPU.ActiveCfg = Debug|Any CPU
		{DC54E36F-79A0-45C6-A347-8A8F90A44BB9}.Debug|Any CPU.Build.0 = Debug|Any CPU
		{DC54E36F-79A0-45C6-A347-8A8F90A44BB9}.Release|Any CPU.ActiveCfg = Release|Any CPU
		{DC54E36F-79A0-45C6-A347-8A8F90A44BB9}.Release|Any CPU.Build.0 = Release|Any CPU
		{B9311728-C117-4558-9EE0-14C5C9437B4F}.Debug|Any CPU.ActiveCfg = Debug|Any CPU
		{B9311728-C117-4558-9EE0-14C5C9437B4F}.Debug|Any CPU.Build.0 = Debug|Any CPU
		{B9311728-C117-4558-9EE0-14C5C9437B4F}.Release|Any CPU.ActiveCfg = Release|Any CPU
		{B9311728-C117-4558-9EE0-14C5C9437B4F}.Release|Any CPU.Build.0 = Release|Any CPU
		{41E71016-819E-455D-A120-876C7BA4FB88}.Debug|Any CPU.ActiveCfg = Debug|Any CPU
		{41E71016-819E-455D-A120-876C7BA4FB88}.Debug|Any CPU.Build.0 = Debug|Any CPU
		{41E71016-819E-455D-A120-876C7BA4FB88}.Release|Any CPU.ActiveCfg = Release|Any CPU
		{41E71016-819E-455D-A120-876C7BA4FB88}.Release|Any CPU.Build.0 = Release|Any CPU
		{FBD90F20-E322-4B63-9BCE-497296E9726C}.Debug|Any CPU.ActiveCfg = Debug|Any CPU
		{FBD90F20-E322-4B63-9BCE-497296E9726C}.Debug|Any CPU.Build.0 = Debug|Any CPU
		{FBD90F20-E322-4B63-9BCE-497296E9726C}.Release|Any CPU.ActiveCfg = Release|Any CPU
		{FBD90F20-E322-4B63-9BCE-497296E9726C}.Release|Any CPU.Build.0 = Release|Any CPU
		{E1458416-A492-410B-9EF5-424914751D2D}.Debug|Any CPU.ActiveCfg = Debug|Any CPU
		{E1458416-A492-410B-9EF5-424914751D2D}.Debug|Any CPU.Build.0 = Debug|Any CPU
		{E1458416-A492-410B-9EF5-424914751D2D}.Release|Any CPU.ActiveCfg = Release|Any CPU
		{E1458416-A492-410B-9EF5-424914751D2D}.Release|Any CPU.Build.0 = Release|Any CPU
		{4A867400-04BD-4F1F-B760-E35F9CB1180F}.Debug|Any CPU.ActiveCfg = Debug|Any CPU
		{4A867400-04BD-4F1F-B760-E35F9CB1180F}.Debug|Any CPU.Build.0 = Debug|Any CPU
		{4A867400-04BD-4F1F-B760-E35F9CB1180F}.Release|Any CPU.ActiveCfg = Release|Any CPU
		{4A867400-04BD-4F1F-B760-E35F9CB1180F}.Release|Any CPU.Build.0 = Release|Any CPU
		{BE2499BE-82BD-4C1B-BB03-1A19C2CEC81F}.Debug|Any CPU.ActiveCfg = Debug|Any CPU
		{BE2499BE-82BD-4C1B-BB03-1A19C2CEC81F}.Debug|Any CPU.Build.0 = Debug|Any CPU
		{BE2499BE-82BD-4C1B-BB03-1A19C2CEC81F}.Release|Any CPU.ActiveCfg = Release|Any CPU
		{BE2499BE-82BD-4C1B-BB03-1A19C2CEC81F}.Release|Any CPU.Build.0 = Release|Any CPU
		{897D8D8C-43E1-41CB-B8CA-F3B1BB4C05E5}.Debug|Any CPU.ActiveCfg = Debug|Any CPU
		{897D8D8C-43E1-41CB-B8CA-F3B1BB4C05E5}.Debug|Any CPU.Build.0 = Debug|Any CPU
		{897D8D8C-43E1-41CB-B8CA-F3B1BB4C05E5}.Release|Any CPU.ActiveCfg = Release|Any CPU
		{897D8D8C-43E1-41CB-B8CA-F3B1BB4C05E5}.Release|Any CPU.Build.0 = Release|Any CPU
		{3E870504-455B-44ED-A48E-94B4C7439DC7}.Debug|Any CPU.ActiveCfg = Debug|Any CPU
		{3E870504-455B-44ED-A48E-94B4C7439DC7}.Debug|Any CPU.Build.0 = Debug|Any CPU
		{3E870504-455B-44ED-A48E-94B4C7439DC7}.Release|Any CPU.ActiveCfg = Release|Any CPU
		{3E870504-455B-44ED-A48E-94B4C7439DC7}.Release|Any CPU.Build.0 = Release|Any CPU
		{75AFF6B8-B8DB-4B29-8395-09D537DBCCE9}.Debug|Any CPU.ActiveCfg = Debug|Any CPU
		{75AFF6B8-B8DB-4B29-8395-09D537DBCCE9}.Debug|Any CPU.Build.0 = Debug|Any CPU
		{75AFF6B8-B8DB-4B29-8395-09D537DBCCE9}.Release|Any CPU.ActiveCfg = Release|Any CPU
		{75AFF6B8-B8DB-4B29-8395-09D537DBCCE9}.Release|Any CPU.Build.0 = Release|Any CPU
		{151DA3EF-7C81-4BF3-A5B7-29B95FE5A17F}.Debug|Any CPU.ActiveCfg = Debug|Any CPU
		{151DA3EF-7C81-4BF3-A5B7-29B95FE5A17F}.Debug|Any CPU.Build.0 = Debug|Any CPU
		{151DA3EF-7C81-4BF3-A5B7-29B95FE5A17F}.Release|Any CPU.ActiveCfg = Release|Any CPU
		{151DA3EF-7C81-4BF3-A5B7-29B95FE5A17F}.Release|Any CPU.Build.0 = Release|Any CPU
		{386A1364-5385-40C9-A369-98EC90DB9BFB}.Debug|Any CPU.ActiveCfg = Debug|Any CPU
		{386A1364-5385-40C9-A369-98EC90DB9BFB}.Debug|Any CPU.Build.0 = Debug|Any CPU
		{386A1364-5385-40C9-A369-98EC90DB9BFB}.Release|Any CPU.ActiveCfg = Release|Any CPU
		{386A1364-5385-40C9-A369-98EC90DB9BFB}.Release|Any CPU.Build.0 = Release|Any CPU
		{264A46C8-597C-48ED-8F45-3CBEA3CDD37F}.Debug|Any CPU.ActiveCfg = Debug|Any CPU
		{264A46C8-597C-48ED-8F45-3CBEA3CDD37F}.Debug|Any CPU.Build.0 = Debug|Any CPU
		{264A46C8-597C-48ED-8F45-3CBEA3CDD37F}.Release|Any CPU.ActiveCfg = Release|Any CPU
		{264A46C8-597C-48ED-8F45-3CBEA3CDD37F}.Release|Any CPU.Build.0 = Release|Any CPU
		{237A2A1F-D1FC-4AD8-8980-8A7C95AB15BA}.Debug|Any CPU.ActiveCfg = Debug|Any CPU
		{237A2A1F-D1FC-4AD8-8980-8A7C95AB15BA}.Debug|Any CPU.Build.0 = Debug|Any CPU
		{237A2A1F-D1FC-4AD8-8980-8A7C95AB15BA}.Release|Any CPU.ActiveCfg = Release|Any CPU
		{237A2A1F-D1FC-4AD8-8980-8A7C95AB15BA}.Release|Any CPU.Build.0 = Release|Any CPU
		{11ACE57D-5B25-4339-AAF1-AF81E829AB90}.Debug|Any CPU.ActiveCfg = Debug|Any CPU
		{11ACE57D-5B25-4339-AAF1-AF81E829AB90}.Debug|Any CPU.Build.0 = Debug|Any CPU
		{11ACE57D-5B25-4339-AAF1-AF81E829AB90}.Release|Any CPU.ActiveCfg = Release|Any CPU
		{11ACE57D-5B25-4339-AAF1-AF81E829AB90}.Release|Any CPU.Build.0 = Release|Any CPU
		{4555A232-C849-4F59-B863-F0509CA9EEE6}.Debug|Any CPU.ActiveCfg = Debug|Any CPU
		{4555A232-C849-4F59-B863-F0509CA9EEE6}.Debug|Any CPU.Build.0 = Debug|Any CPU
		{4555A232-C849-4F59-B863-F0509CA9EEE6}.Release|Any CPU.ActiveCfg = Release|Any CPU
		{4555A232-C849-4F59-B863-F0509CA9EEE6}.Release|Any CPU.Build.0 = Release|Any CPU
		{52067826-3CF5-4910-91A1-8E2F3B68ED4E}.Debug|Any CPU.ActiveCfg = Debug|Any CPU
		{52067826-3CF5-4910-91A1-8E2F3B68ED4E}.Debug|Any CPU.Build.0 = Debug|Any CPU
		{52067826-3CF5-4910-91A1-8E2F3B68ED4E}.Release|Any CPU.ActiveCfg = Release|Any CPU
		{52067826-3CF5-4910-91A1-8E2F3B68ED4E}.Release|Any CPU.Build.0 = Release|Any CPU
		{5746532F-5060-468B-8901-67946AA6502D}.Debug|Any CPU.ActiveCfg = Debug|Any CPU
		{5746532F-5060-468B-8901-67946AA6502D}.Debug|Any CPU.Build.0 = Debug|Any CPU
		{5746532F-5060-468B-8901-67946AA6502D}.Release|Any CPU.ActiveCfg = Release|Any CPU
		{5746532F-5060-468B-8901-67946AA6502D}.Release|Any CPU.Build.0 = Release|Any CPU
	EndGlobalSection
	GlobalSection(SolutionProperties) = preSolution
		HideSolutionNode = FALSE
	EndGlobalSection
	GlobalSection(NestedProjects) = preSolution
		{F38E4F2A-3535-4E7D-BB16-4158D4BC895A} = {656C9CA6-5746-4B27-AD0C-E29FA823F3B8}
		{D25D718D-A153-4E82-9C39-622DDC4B895B} = {656C9CA6-5746-4B27-AD0C-E29FA823F3B8}
		{2A74B53C-8B30-4751-9A57-405DC26BA16D} = {656C9CA6-5746-4B27-AD0C-E29FA823F3B8}
		{7A58F7A3-4328-4EFF-BEBA-79C29DBE0BB6} = {656C9CA6-5746-4B27-AD0C-E29FA823F3B8}
		{F4B5BA16-E7FC-4270-88A6-E032BABFD75D} = {656C9CA6-5746-4B27-AD0C-E29FA823F3B8}
		{AD39383E-AAF7-43FF-B813-18DC9CF3C902} = {656C9CA6-5746-4B27-AD0C-E29FA823F3B8}
		{BF50B819-7B0B-4ED8-BD51-59F13CBC8081} = {656C9CA6-5746-4B27-AD0C-E29FA823F3B8}
		{B7111464-D057-421F-9507-A9A5CB2A3BA3} = {656C9CA6-5746-4B27-AD0C-E29FA823F3B8}
		{D4687BB8-DC18-4E05-8D2D-B1CE081E6646} = {656C9CA6-5746-4B27-AD0C-E29FA823F3B8}
		{A7B7442B-2FA6-4C2A-A8EF-087DE81C859B} = {656C9CA6-5746-4B27-AD0C-E29FA823F3B8}
		{3A3C40D9-D37F-4332-8BD8-00D9A8F3E88F} = {656C9CA6-5746-4B27-AD0C-E29FA823F3B8}
		{776BDFC1-2D3D-4A5E-82DD-7D1EA17025B0} = {656C9CA6-5746-4B27-AD0C-E29FA823F3B8}
		{5ABA7AA0-DA15-4693-8353-FD7E0FF1A154} = {03C49686-9CAC-4931-8C56-A572556A1F9B}
		{B71C9964-BC39-4C3D-B5DF-8BF29482E743} = {EB43309F-7637-4EE9-B103-5F3C73BCC323}
		{510226C6-C9D1-4B40-9B65-83336D1D3324} = {4DBDCF53-CF62-49A7-8A28-671D7E999243}
		{DC54E36F-79A0-45C6-A347-8A8F90A44BB9} = {4DBDCF53-CF62-49A7-8A28-671D7E999243}
		{B9311728-C117-4558-9EE0-14C5C9437B4F} = {4DBDCF53-CF62-49A7-8A28-671D7E999243}
		{41E71016-819E-455D-A120-876C7BA4FB88} = {4DBDCF53-CF62-49A7-8A28-671D7E999243}
		{FBD90F20-E322-4B63-9BCE-497296E9726C} = {4DBDCF53-CF62-49A7-8A28-671D7E999243}
		{E1458416-A492-410B-9EF5-424914751D2D} = {4DBDCF53-CF62-49A7-8A28-671D7E999243}
		{4A867400-04BD-4F1F-B760-E35F9CB1180F} = {4DBDCF53-CF62-49A7-8A28-671D7E999243}
		{BE2499BE-82BD-4C1B-BB03-1A19C2CEC81F} = {4DBDCF53-CF62-49A7-8A28-671D7E999243}
		{897D8D8C-43E1-41CB-B8CA-F3B1BB4C05E5} = {4DBDCF53-CF62-49A7-8A28-671D7E999243}
		{3E870504-455B-44ED-A48E-94B4C7439DC7} = {A851CFF5-570A-4A89-88F2-DDEDDE7D86E5}
		{75AFF6B8-B8DB-4B29-8395-09D537DBCCE9} = {A851CFF5-570A-4A89-88F2-DDEDDE7D86E5}
		{151DA3EF-7C81-4BF3-A5B7-29B95FE5A17F} = {A851CFF5-570A-4A89-88F2-DDEDDE7D86E5}
		{386A1364-5385-40C9-A369-98EC90DB9BFB} = {A851CFF5-570A-4A89-88F2-DDEDDE7D86E5}
		{264A46C8-597C-48ED-8F45-3CBEA3CDD37F} = {A851CFF5-570A-4A89-88F2-DDEDDE7D86E5}
		{237A2A1F-D1FC-4AD8-8980-8A7C95AB15BA} = {A851CFF5-570A-4A89-88F2-DDEDDE7D86E5}
		{11ACE57D-5B25-4339-AAF1-AF81E829AB90} = {A851CFF5-570A-4A89-88F2-DDEDDE7D86E5}
		{4555A232-C849-4F59-B863-F0509CA9EEE6} = {A851CFF5-570A-4A89-88F2-DDEDDE7D86E5}
		{52067826-3CF5-4910-91A1-8E2F3B68ED4E} = {A851CFF5-570A-4A89-88F2-DDEDDE7D86E5}
		{5746532F-5060-468B-8901-67946AA6502D} = {8C0843BD-DAED-4A3C-96A5-D60137649179}
	EndGlobalSection
	GlobalSection(ExtensibilityGlobals) = postSolution
		SolutionGuid = {916A1550-0462-4531-9244-37E251A10132}
	EndGlobalSection
EndGlobal
