
Microsoft Visual Studio Solution File, Format Version 12.00
# Visual Studio Version 16
VisualStudioVersion = 16.0.30804.86
MinimumVisualStudioVersion = 10.0.40219.1
Project("{FAE04EC0-301F-11D3-BF4B-00C04F79EFBC}") = "BubbleSort", "BubbleSort\BubbleSort.csproj", "{F38E4F2A-3535-4E7D-BB16-4158D4BC895A}"
EndProject
Project("{2150E333-8FDC-42A3-9474-1A3956D46DE8}") = "Sorteer algoritmes", "Sorteer algoritmes", "{656C9CA6-5746-4B27-AD0C-E29FA823F3B8}"
EndProject
Project("{FAE04EC0-301F-11D3-BF4B-00C04F79EFBC}") = "Selection sort", "Selection sort\Selection sort.csproj", "{D25D718D-A153-4E82-9C39-622DDC4B895B}"
EndProject
Project("{FAE04EC0-301F-11D3-BF4B-00C04F79EFBC}") = "Insertion Sort", "Insertion Sort\Insertion Sort.csproj", "{2A74B53C-8B30-4751-9A57-405DC26BA16D}"
EndProject
Project("{FAE04EC0-301F-11D3-BF4B-00C04F79EFBC}") = "Quicksort", "Quicksort\Quicksort.csproj", "{7A58F7A3-4328-4EFF-BEBA-79C29DBE0BB6}"
EndProject
Project("{FAE04EC0-301F-11D3-BF4B-00C04F79EFBC}") = "MergeSort", "MergeSort\MergeSort.csproj", "{F4B5BA16-E7FC-4270-88A6-E032BABFD75D}"
EndProject
Project("{2150E333-8FDC-42A3-9474-1A3956D46DE8}") = "Zoek algoritmes", "Zoek algoritmes", "{4DBDCF53-CF62-49A7-8A28-671D7E999243}"
EndProject
Project("{FAE04EC0-301F-11D3-BF4B-00C04F79EFBC}") = "TimSort", "TimSort\TimSort.csproj", "{AD39383E-AAF7-43FF-B813-18DC9CF3C902}"
EndProject
Project("{FAE04EC0-301F-11D3-BF4B-00C04F79EFBC}") = "HeapSort", "HeapSort\HeapSort.csproj", "{BF50B819-7B0B-4ED8-BD51-59F13CBC8081}"
EndProject
Project("{FAE04EC0-301F-11D3-BF4B-00C04F79EFBC}") = "BucketSort", "BucketSort\BucketSort.csproj", "{B7111464-D057-421F-9507-A9A5CB2A3BA3}"
EndProject
Project("{FAE04EC0-301F-11D3-BF4B-00C04F79EFBC}") = "CountingSort", "CountingSort\CountingSort.csproj", "{D4687BB8-DC18-4E05-8D2D-B1CE081E6646}"
EndProject
Project("{FAE04EC0-301F-11D3-BF4B-00C04F79EFBC}") = "RadixSort", "RadixSort\RadixSort.csproj", "{A7B7442B-2FA6-4C2A-A8EF-087DE81C859B}"
EndProject
Project("{FAE04EC0-301F-11D3-BF4B-00C04F79EFBC}") = "BitonicSort", "BitonicSort\BitonicSort.csproj", "{3A3C40D9-D37F-4332-8BD8-00D9A8F3E88F}"
EndProject
Project("{FAE04EC0-301F-11D3-BF4B-00C04F79EFBC}") = "FirstandLast Pos in sorted array", "FirstandLast Pos in sorted array\FirstandLast Pos in sorted array.csproj", "{776BDFC1-2D3D-4A5E-82DD-7D1EA17025B0}"
EndProject
Project("{2150E333-8FDC-42A3-9474-1A3956D46DE8}") = "LinkedList", "LinkedList", "{03C49686-9CAC-4931-8C56-A572556A1F9B}"
EndProject
Project("{FAE04EC0-301F-11D3-BF4B-00C04F79EFBC}") = "SSL", "SSL\SSL.csproj", "{5ABA7AA0-DA15-4693-8353-FD7E0FF1A154}"
EndProject
Project("{2150E333-8FDC-42A3-9474-1A3956D46DE8}") = "Doubly Linked List", "Doubly Linked List", "{EB43309F-7637-4EE9-B103-5F3C73BCC323}"
EndProject
Project("{FAE04EC0-301F-11D3-BF4B-00C04F79EFBC}") = "DLL", "DLL\DLL.csproj", "{B71C9964-BC39-4C3D-B5DF-8BF29482E743}"
EndProject
Global
	GlobalSection(SolutionConfigurationPlatforms) = preSolution
		Debug|Any CPU = Debug|Any CPU
		Release|Any CPU = Release|Any CPU
	EndGlobalSection
	GlobalSection(ProjectConfigurationPlatforms) = postSolution
		{F38E4F2A-3535-4E7D-BB16-4158D4BC895A}.Debug|Any CPU.ActiveCfg = Debug|Any CPU
		{F38E4F2A-3535-4E7D-BB16-4158D4BC895A}.Debug|Any CPU.Build.0 = Debug|Any CPU
		{F38E4F2A-3535-4E7D-BB16-4158D4BC895A}.Release|Any CPU.ActiveCfg = Release|Any CPU
		{F38E4F2A-3535-4E7D-BB16-4158D4BC895A}.Release|Any CPU.Build.0 = Release|Any CPU
		{D25D718D-A153-4E82-9C39-622DDC4B895B}.Debug|Any CPU.ActiveCfg = Debug|Any CPU
		{D25D718D-A153-4E82-9C39-622DDC4B895B}.Debug|Any CPU.Build.0 = Debug|Any CPU
		{D25D718D-A153-4E82-9C39-622DDC4B895B}.Release|Any CPU.ActiveCfg = Release|Any CPU
		{D25D718D-A153-4E82-9C39-622DDC4B895B}.Release|Any CPU.Build.0 = Release|Any CPU
		{2A74B53C-8B30-4751-9A57-405DC26BA16D}.Debug|Any CPU.ActiveCfg = Debug|Any CPU
		{2A74B53C-8B30-4751-9A57-405DC26BA16D}.Debug|Any CPU.Build.0 = Debug|Any CPU
		{2A74B53C-8B30-4751-9A57-405DC26BA16D}.Release|Any CPU.ActiveCfg = Release|Any CPU
		{2A74B53C-8B30-4751-9A57-405DC26BA16D}.Release|Any CPU.Build.0 = Release|Any CPU
		{7A58F7A3-4328-4EFF-BEBA-79C29DBE0BB6}.Debug|Any CPU.ActiveCfg = Debug|Any CPU
		{7A58F7A3-4328-4EFF-BEBA-79C29DBE0BB6}.Debug|Any CPU.Build.0 = Debug|Any CPU
		{7A58F7A3-4328-4EFF-BEBA-79C29DBE0BB6}.Release|Any CPU.ActiveCfg = Release|Any CPU
		{7A58F7A3-4328-4EFF-BEBA-79C29DBE0BB6}.Release|Any CPU.Build.0 = Release|Any CPU
		{F4B5BA16-E7FC-4270-88A6-E032BABFD75D}.Debug|Any CPU.ActiveCfg = Debug|Any CPU
		{F4B5BA16-E7FC-4270-88A6-E032BABFD75D}.Debug|Any CPU.Build.0 = Debug|Any CPU
		{F4B5BA16-E7FC-4270-88A6-E032BABFD75D}.Release|Any CPU.ActiveCfg = Release|Any CPU
		{F4B5BA16-E7FC-4270-88A6-E032BABFD75D}.Release|Any CPU.Build.0 = Release|Any CPU
		{AD39383E-AAF7-43FF-B813-18DC9CF3C902}.Debug|Any CPU.ActiveCfg = Debug|Any CPU
		{AD39383E-AAF7-43FF-B813-18DC9CF3C902}.Debug|Any CPU.Build.0 = Debug|Any CPU
		{AD39383E-AAF7-43FF-B813-18DC9CF3C902}.Release|Any CPU.ActiveCfg = Release|Any CPU
		{AD39383E-AAF7-43FF-B813-18DC9CF3C902}.Release|Any CPU.Build.0 = Release|Any CPU
		{BF50B819-7B0B-4ED8-BD51-59F13CBC8081}.Debug|Any CPU.ActiveCfg = Debug|Any CPU
		{BF50B819-7B0B-4ED8-BD51-59F13CBC8081}.Debug|Any CPU.Build.0 = Debug|Any CPU
		{BF50B819-7B0B-4ED8-BD51-59F13CBC8081}.Release|Any CPU.ActiveCfg = Release|Any CPU
		{BF50B819-7B0B-4ED8-BD51-59F13CBC8081}.Release|Any CPU.Build.0 = Release|Any CPU
		{B7111464-D057-421F-9507-A9A5CB2A3BA3}.Debug|Any CPU.ActiveCfg = Debug|Any CPU
		{B7111464-D057-421F-9507-A9A5CB2A3BA3}.Debug|Any CPU.Build.0 = Debug|Any CPU
		{B7111464-D057-421F-9507-A9A5CB2A3BA3}.Release|Any CPU.ActiveCfg = Release|Any CPU
		{B7111464-D057-421F-9507-A9A5CB2A3BA3}.Release|Any CPU.Build.0 = Release|Any CPU
		{D4687BB8-DC18-4E05-8D2D-B1CE081E6646}.Debug|Any CPU.ActiveCfg = Debug|Any CPU
		{D4687BB8-DC18-4E05-8D2D-B1CE081E6646}.Debug|Any CPU.Build.0 = Debug|Any CPU
		{D4687BB8-DC18-4E05-8D2D-B1CE081E6646}.Release|Any CPU.ActiveCfg = Release|Any CPU
		{D4687BB8-DC18-4E05-8D2D-B1CE081E6646}.Release|Any CPU.Build.0 = Release|Any CPU
		{A7B7442B-2FA6-4C2A-A8EF-087DE81C859B}.Debug|Any CPU.ActiveCfg = Debug|Any CPU
		{A7B7442B-2FA6-4C2A-A8EF-087DE81C859B}.Debug|Any CPU.Build.0 = Debug|Any CPU
		{A7B7442B-2FA6-4C2A-A8EF-087DE81C859B}.Release|Any CPU.ActiveCfg = Release|Any CPU
		{A7B7442B-2FA6-4C2A-A8EF-087DE81C859B}.Release|Any CPU.Build.0 = Release|Any CPU
		{3A3C40D9-D37F-4332-8BD8-00D9A8F3E88F}.Debug|Any CPU.ActiveCfg = Debug|Any CPU
		{3A3C40D9-D37F-4332-8BD8-00D9A8F3E88F}.Debug|Any CPU.Build.0 = Debug|Any CPU
		{3A3C40D9-D37F-4332-8BD8-00D9A8F3E88F}.Release|Any CPU.ActiveCfg = Release|Any CPU
		{3A3C40D9-D37F-4332-8BD8-00D9A8F3E88F}.Release|Any CPU.Build.0 = Release|Any CPU
		{776BDFC1-2D3D-4A5E-82DD-7D1EA17025B0}.Debug|Any CPU.ActiveCfg = Debug|Any CPU
		{776BDFC1-2D3D-4A5E-82DD-7D1EA17025B0}.Debug|Any CPU.Build.0 = Debug|Any CPU
		{776BDFC1-2D3D-4A5E-82DD-7D1EA17025B0}.Release|Any CPU.ActiveCfg = Release|Any CPU
		{776BDFC1-2D3D-4A5E-82DD-7D1EA17025B0}.Release|Any CPU.Build.0 = Release|Any CPU
		{5ABA7AA0-DA15-4693-8353-FD7E0FF1A154}.Debug|Any CPU.ActiveCfg = Debug|Any CPU
		{5ABA7AA0-DA15-4693-8353-FD7E0FF1A154}.Debug|Any CPU.Build.0 = Debug|Any CPU
		{5ABA7AA0-DA15-4693-8353-FD7E0FF1A154}.Release|Any CPU.ActiveCfg = Release|Any CPU
		{5ABA7AA0-DA15-4693-8353-FD7E0FF1A154}.Release|Any CPU.Build.0 = Release|Any CPU
		{B71C9964-BC39-4C3D-B5DF-8BF29482E743}.Debug|Any CPU.ActiveCfg = Debug|Any CPU
		{B71C9964-BC39-4C3D-B5DF-8BF29482E743}.Debug|Any CPU.Build.0 = Debug|Any CPU
		{B71C9964-BC39-4C3D-B5DF-8BF29482E743}.Release|Any CPU.ActiveCfg = Release|Any CPU
		{B71C9964-BC39-4C3D-B5DF-8BF29482E743}.Release|Any CPU.Build.0 = Release|Any CPU
	EndGlobalSection
	GlobalSection(SolutionProperties) = preSolution
		HideSolutionNode = FALSE
	EndGlobalSection
	GlobalSection(NestedProjects) = preSolution
		{F38E4F2A-3535-4E7D-BB16-4158D4BC895A} = {656C9CA6-5746-4B27-AD0C-E29FA823F3B8}
		{D25D718D-A153-4E82-9C39-622DDC4B895B} = {656C9CA6-5746-4B27-AD0C-E29FA823F3B8}
		{2A74B53C-8B30-4751-9A57-405DC26BA16D} = {656C9CA6-5746-4B27-AD0C-E29FA823F3B8}
		{7A58F7A3-4328-4EFF-BEBA-79C29DBE0BB6} = {656C9CA6-5746-4B27-AD0C-E29FA823F3B8}
		{F4B5BA16-E7FC-4270-88A6-E032BABFD75D} = {656C9CA6-5746-4B27-AD0C-E29FA823F3B8}
		{AD39383E-AAF7-43FF-B813-18DC9CF3C902} = {656C9CA6-5746-4B27-AD0C-E29FA823F3B8}
		{BF50B819-7B0B-4ED8-BD51-59F13CBC8081} = {656C9CA6-5746-4B27-AD0C-E29FA823F3B8}
		{B7111464-D057-421F-9507-A9A5CB2A3BA3} = {656C9CA6-5746-4B27-AD0C-E29FA823F3B8}
		{D4687BB8-DC18-4E05-8D2D-B1CE081E6646} = {656C9CA6-5746-4B27-AD0C-E29FA823F3B8}
		{A7B7442B-2FA6-4C2A-A8EF-087DE81C859B} = {656C9CA6-5746-4B27-AD0C-E29FA823F3B8}
		{3A3C40D9-D37F-4332-8BD8-00D9A8F3E88F} = {656C9CA6-5746-4B27-AD0C-E29FA823F3B8}
		{776BDFC1-2D3D-4A5E-82DD-7D1EA17025B0} = {656C9CA6-5746-4B27-AD0C-E29FA823F3B8}
		{5ABA7AA0-DA15-4693-8353-FD7E0FF1A154} = {03C49686-9CAC-4931-8C56-A572556A1F9B}
		{B71C9964-BC39-4C3D-B5DF-8BF29482E743} = {EB43309F-7637-4EE9-B103-5F3C73BCC323}
	EndGlobalSection
	GlobalSection(ExtensibilityGlobals) = postSolution
		SolutionGuid = {916A1550-0462-4531-9244-37E251A10132}
	EndGlobalSection
EndGlobal
