
Microsoft Visual Studio Solution File, Format Version 12.00
# Visual Studio Version 16
VisualStudioVersion = 16.0.30413.136
MinimumVisualStudioVersion = 10.0.40219.1
Project("{9A19103F-16F7-4668-BE54-9A1E7A4F7556}") = "Opwarmers", "Opwarmers\Opwarmers.csproj", "{E18B2032-23FA-46FE-A5EA-06B86E023767}"
EndProject
Project("{FAE04EC0-301F-11D3-BF4B-00C04F79EFBC}") = "Vraag array", "Vraag array\Vraag array.csproj", "{4BC4E259-40D4-4C3F-B7EB-BE51A01C8AF0}"
EndProject
Project("{FAE04EC0-301F-11D3-BF4B-00C04F79EFBC}") = "Array_zoeker", "Array_zoeker\Array_zoeker.csproj", "{0743AEC5-551C-498C-9321-961CEE1D7DC5}"
EndProject
Global
	GlobalSection(SolutionConfigurationPlatforms) = preSolution
		Debug|Any CPU = Debug|Any CPU
		Release|Any CPU = Release|Any CPU
	EndGlobalSection
	GlobalSection(ProjectConfigurationPlatforms) = postSolution
		{E18B2032-23FA-46FE-A5EA-06B86E023767}.Debug|Any CPU.ActiveCfg = Debug|Any CPU
		{E18B2032-23FA-46FE-A5EA-06B86E023767}.Debug|Any CPU.Build.0 = Debug|Any CPU
		{E18B2032-23FA-46FE-A5EA-06B86E023767}.Release|Any CPU.ActiveCfg = Release|Any CPU
		{E18B2032-23FA-46FE-A5EA-06B86E023767}.Release|Any CPU.Build.0 = Release|Any CPU
		{4BC4E259-40D4-4C3F-B7EB-BE51A01C8AF0}.Debug|Any CPU.ActiveCfg = Debug|Any CPU
		{4BC4E259-40D4-4C3F-B7EB-BE51A01C8AF0}.Debug|Any CPU.Build.0 = Debug|Any CPU
		{4BC4E259-40D4-4C3F-B7EB-BE51A01C8AF0}.Release|Any CPU.ActiveCfg = Release|Any CPU
		{4BC4E259-40D4-4C3F-B7EB-BE51A01C8AF0}.Release|Any CPU.Build.0 = Release|Any CPU
		{0743AEC5-551C-498C-9321-961CEE1D7DC5}.Debug|Any CPU.ActiveCfg = Debug|Any CPU
		{0743AEC5-551C-498C-9321-961CEE1D7DC5}.Debug|Any CPU.Build.0 = Debug|Any CPU
		{0743AEC5-551C-498C-9321-961CEE1D7DC5}.Release|Any CPU.ActiveCfg = Release|Any CPU
		{0743AEC5-551C-498C-9321-961CEE1D7DC5}.Release|Any CPU.Build.0 = Release|Any CPU
	EndGlobalSection
	GlobalSection(SolutionProperties) = preSolution
		HideSolutionNode = FALSE
	EndGlobalSection
	GlobalSection(ExtensibilityGlobals) = postSolution
		SolutionGuid = {E961C7B4-4BD7-4CB5-944D-81BED83FACDD}
	EndGlobalSection
EndGlobal
