
Microsoft Visual Studio Solution File, Format Version 12.00
# Visual Studio Version 16
VisualStudioVersion = 16.0.31129.286
MinimumVisualStudioVersion = 10.0.40219.1
Project("{9A19103F-16F7-4668-BE54-9A1E7A4F7556}") = "SortingAlgorithm", "SortingAlgorithm\SortingAlgorithm.csproj", "{681C3EB8-5B62-401A-91A3-810633A11A7A}"
EndProject
Global
	GlobalSection(SolutionConfigurationPlatforms) = preSolution
		Debug|Any CPU = Debug|Any CPU
		Release|Any CPU = Release|Any CPU
	EndGlobalSection
	GlobalSection(ProjectConfigurationPlatforms) = postSolution
		{681C3EB8-5B62-401A-91A3-810633A11A7A}.Debug|Any CPU.ActiveCfg = Debug|Any CPU
		{681C3EB8-5B62-401A-91A3-810633A11A7A}.Debug|Any CPU.Build.0 = Debug|Any CPU
		{681C3EB8-5B62-401A-91A3-810633A11A7A}.Release|Any CPU.ActiveCfg = Release|Any CPU
		{681C3EB8-5B62-401A-91A3-810633A11A7A}.Release|Any CPU.Build.0 = Release|Any CPU
	EndGlobalSection
	GlobalSection(SolutionProperties) = preSolution
		HideSolutionNode = FALSE
	EndGlobalSection
	GlobalSection(ExtensibilityGlobals) = postSolution
		SolutionGuid = {90815687-3812-4B3A-8ABD-A145B8780244}
	EndGlobalSection
EndGlobal
