
Microsoft Visual Studio Solution File, Format Version 12.00
# Visual Studio Version 16
VisualStudioVersion = 16.0.30204.135
MinimumVisualStudioVersion = 10.0.40219.1
Project("{9A19103F-16F7-4668-BE54-9A1E7A4F7556}") = "BMI met if", "BMI met if\BMI met if.csproj", "{CA5F0B85-A84A-4781-99EC-783288DD598F}"
EndProject
Project("{9A19103F-16F7-4668-BE54-9A1E7A4F7556}") = "Schoenverkoper", "Schoenverkoper\Schoenverkoper.csproj", "{2B0D6823-259C-4C6D-9219-F91EEE7AF7CB}"
EndProject
Project("{9A19103F-16F7-4668-BE54-9A1E7A4F7556}") = "Ohm-berekenaar", "Ohm-berekenaar\Ohm-berekenaar.csproj", "{EA224470-2D62-4835-9F03-5BF304937711}"
EndProject
Project("{9A19103F-16F7-4668-BE54-9A1E7A4F7556}") = "BankRekening Controle", "BankRekening Controle\BankRekening Controle.csproj", "{CF39A841-1FD7-419D-9430-77B8769AC653}"
EndProject
Project("{9A19103F-16F7-4668-BE54-9A1E7A4F7556}") = "Kleurcode weerstand naar ohm", "Kleurcode weerstand naar ohm\Kleurcode weerstand naar ohm.csproj", "{431D5E38-C11F-4C71-9635-1100E98CC7D8}"
EndProject
Project("{9A19103F-16F7-4668-BE54-9A1E7A4F7556}") = "Orakeltje Delphi 2", "Orakeltje Delphi 2\Orakeltje Delphi 2.csproj", "{37A012EA-F948-4607-B3B8-844380C589F9}"
EndProject
Project("{9A19103F-16F7-4668-BE54-9A1E7A4F7556}") = "Casino", "Casino\Casino.csproj", "{B41500DD-E8DE-45BE-B7C9-09A515A79C59}"
EndProject
Project("{9A19103F-16F7-4668-BE54-9A1E7A4F7556}") = "Casino3", "Casino3\Casino3.csproj", "{5C91174B-CFDE-4394-9A3F-C6304A33DED6}"
EndProject
Project("{9A19103F-16F7-4668-BE54-9A1E7A4F7556}") = "Schaakstuk", "Schaakstuk\Schaakstuk.csproj", "{02A12014-3817-4A8A-9DDA-79ADB5AEC433}"
EndProject
Project("{9A19103F-16F7-4668-BE54-9A1E7A4F7556}") = "Quiz", "quiz\Quiz.csproj", "{D0F63BAA-483C-4145-B1CB-57C13FD82B2E}"
EndProject
Project("{9A19103F-16F7-4668-BE54-9A1E7A4F7556}") = "Schrikkeljaar", "Schrikkeljaar\Schrikkeljaar.csproj", "{68DF8C67-D474-4399-88AB-E881D26A5C5D}"
EndProject
Project("{9A19103F-16F7-4668-BE54-9A1E7A4F7556}") = "GuntherD Stemwijzer", "GuntherD Stemwijzer\GuntherD Stemwijzer.csproj", "{A4A6E434-3670-497B-815F-E1E13F16666C}"
EndProject
Project("{9A19103F-16F7-4668-BE54-9A1E7A4F7556}") = "Enum seizoenen", "Enum seizoenen\Enum seizoenen.csproj", "{D20F53EC-4004-448F-B853-CAE911F0545D}"
EndProject
Global
	GlobalSection(SolutionConfigurationPlatforms) = preSolution
		Debug|Any CPU = Debug|Any CPU
		Release|Any CPU = Release|Any CPU
	EndGlobalSection
	GlobalSection(ProjectConfigurationPlatforms) = postSolution
		{CA5F0B85-A84A-4781-99EC-783288DD598F}.Debug|Any CPU.ActiveCfg = Debug|Any CPU
		{CA5F0B85-A84A-4781-99EC-783288DD598F}.Debug|Any CPU.Build.0 = Debug|Any CPU
		{CA5F0B85-A84A-4781-99EC-783288DD598F}.Release|Any CPU.ActiveCfg = Release|Any CPU
		{CA5F0B85-A84A-4781-99EC-783288DD598F}.Release|Any CPU.Build.0 = Release|Any CPU
		{2B0D6823-259C-4C6D-9219-F91EEE7AF7CB}.Debug|Any CPU.ActiveCfg = Debug|Any CPU
		{2B0D6823-259C-4C6D-9219-F91EEE7AF7CB}.Debug|Any CPU.Build.0 = Debug|Any CPU
		{2B0D6823-259C-4C6D-9219-F91EEE7AF7CB}.Release|Any CPU.ActiveCfg = Release|Any CPU
		{2B0D6823-259C-4C6D-9219-F91EEE7AF7CB}.Release|Any CPU.Build.0 = Release|Any CPU
		{EA224470-2D62-4835-9F03-5BF304937711}.Debug|Any CPU.ActiveCfg = Debug|Any CPU
		{EA224470-2D62-4835-9F03-5BF304937711}.Debug|Any CPU.Build.0 = Debug|Any CPU
		{EA224470-2D62-4835-9F03-5BF304937711}.Release|Any CPU.ActiveCfg = Release|Any CPU
		{EA224470-2D62-4835-9F03-5BF304937711}.Release|Any CPU.Build.0 = Release|Any CPU
		{CF39A841-1FD7-419D-9430-77B8769AC653}.Debug|Any CPU.ActiveCfg = Debug|Any CPU
		{CF39A841-1FD7-419D-9430-77B8769AC653}.Debug|Any CPU.Build.0 = Debug|Any CPU
		{CF39A841-1FD7-419D-9430-77B8769AC653}.Release|Any CPU.ActiveCfg = Release|Any CPU
		{CF39A841-1FD7-419D-9430-77B8769AC653}.Release|Any CPU.Build.0 = Release|Any CPU
		{431D5E38-C11F-4C71-9635-1100E98CC7D8}.Debug|Any CPU.ActiveCfg = Debug|Any CPU
		{431D5E38-C11F-4C71-9635-1100E98CC7D8}.Debug|Any CPU.Build.0 = Debug|Any CPU
		{431D5E38-C11F-4C71-9635-1100E98CC7D8}.Release|Any CPU.ActiveCfg = Release|Any CPU
		{431D5E38-C11F-4C71-9635-1100E98CC7D8}.Release|Any CPU.Build.0 = Release|Any CPU
		{37A012EA-F948-4607-B3B8-844380C589F9}.Debug|Any CPU.ActiveCfg = Debug|Any CPU
		{37A012EA-F948-4607-B3B8-844380C589F9}.Debug|Any CPU.Build.0 = Debug|Any CPU
		{37A012EA-F948-4607-B3B8-844380C589F9}.Release|Any CPU.ActiveCfg = Release|Any CPU
		{37A012EA-F948-4607-B3B8-844380C589F9}.Release|Any CPU.Build.0 = Release|Any CPU
		{B41500DD-E8DE-45BE-B7C9-09A515A79C59}.Debug|Any CPU.ActiveCfg = Debug|Any CPU
		{B41500DD-E8DE-45BE-B7C9-09A515A79C59}.Debug|Any CPU.Build.0 = Debug|Any CPU
		{B41500DD-E8DE-45BE-B7C9-09A515A79C59}.Release|Any CPU.ActiveCfg = Release|Any CPU
		{B41500DD-E8DE-45BE-B7C9-09A515A79C59}.Release|Any CPU.Build.0 = Release|Any CPU
		{5C91174B-CFDE-4394-9A3F-C6304A33DED6}.Debug|Any CPU.ActiveCfg = Debug|Any CPU
		{5C91174B-CFDE-4394-9A3F-C6304A33DED6}.Debug|Any CPU.Build.0 = Debug|Any CPU
		{5C91174B-CFDE-4394-9A3F-C6304A33DED6}.Release|Any CPU.ActiveCfg = Release|Any CPU
		{5C91174B-CFDE-4394-9A3F-C6304A33DED6}.Release|Any CPU.Build.0 = Release|Any CPU
		{02A12014-3817-4A8A-9DDA-79ADB5AEC433}.Debug|Any CPU.ActiveCfg = Debug|Any CPU
		{02A12014-3817-4A8A-9DDA-79ADB5AEC433}.Debug|Any CPU.Build.0 = Debug|Any CPU
		{02A12014-3817-4A8A-9DDA-79ADB5AEC433}.Release|Any CPU.ActiveCfg = Release|Any CPU
		{02A12014-3817-4A8A-9DDA-79ADB5AEC433}.Release|Any CPU.Build.0 = Release|Any CPU
		{D0F63BAA-483C-4145-B1CB-57C13FD82B2E}.Debug|Any CPU.ActiveCfg = Debug|Any CPU
		{D0F63BAA-483C-4145-B1CB-57C13FD82B2E}.Debug|Any CPU.Build.0 = Debug|Any CPU
		{D0F63BAA-483C-4145-B1CB-57C13FD82B2E}.Release|Any CPU.ActiveCfg = Release|Any CPU
		{D0F63BAA-483C-4145-B1CB-57C13FD82B2E}.Release|Any CPU.Build.0 = Release|Any CPU
		{68DF8C67-D474-4399-88AB-E881D26A5C5D}.Debug|Any CPU.ActiveCfg = Debug|Any CPU
		{68DF8C67-D474-4399-88AB-E881D26A5C5D}.Debug|Any CPU.Build.0 = Debug|Any CPU
		{68DF8C67-D474-4399-88AB-E881D26A5C5D}.Release|Any CPU.ActiveCfg = Release|Any CPU
		{68DF8C67-D474-4399-88AB-E881D26A5C5D}.Release|Any CPU.Build.0 = Release|Any CPU
		{A4A6E434-3670-497B-815F-E1E13F16666C}.Debug|Any CPU.ActiveCfg = Debug|Any CPU
		{A4A6E434-3670-497B-815F-E1E13F16666C}.Debug|Any CPU.Build.0 = Debug|Any CPU
		{A4A6E434-3670-497B-815F-E1E13F16666C}.Release|Any CPU.ActiveCfg = Release|Any CPU
		{A4A6E434-3670-497B-815F-E1E13F16666C}.Release|Any CPU.Build.0 = Release|Any CPU
		{D20F53EC-4004-448F-B853-CAE911F0545D}.Debug|Any CPU.ActiveCfg = Debug|Any CPU
		{D20F53EC-4004-448F-B853-CAE911F0545D}.Debug|Any CPU.Build.0 = Debug|Any CPU
		{D20F53EC-4004-448F-B853-CAE911F0545D}.Release|Any CPU.ActiveCfg = Release|Any CPU
		{D20F53EC-4004-448F-B853-CAE911F0545D}.Release|Any CPU.Build.0 = Release|Any CPU
	EndGlobalSection
	GlobalSection(SolutionProperties) = preSolution
		HideSolutionNode = FALSE
	EndGlobalSection
	GlobalSection(ExtensibilityGlobals) = postSolution
		SolutionGuid = {58F55EBF-36D5-4F77-8D94-70431336AB13}
	EndGlobalSection
EndGlobal
