
Microsoft Visual Studio Solution File, Format Version 12.00
# Visual Studio Version 16
VisualStudioVersion = 16.0.31005.135
MinimumVisualStudioVersion = 10.0.40219.1
Project("{2150E333-8FDC-42A3-9474-1A3956D46DE8}") = "1.WPF", "1.WPF", "{BDC6391E-BEF4-4A72-AFEA-99AE1EEB674C}"
EndProject
Project("{2150E333-8FDC-42A3-9474-1A3956D46DE8}") = "2.Stack", "2.Stack", "{6E0F2792-9A9A-4467-8CEC-6C490393BC1A}"
EndProject
Project("{2150E333-8FDC-42A3-9474-1A3956D46DE8}") = "3.Queue", "3.Queue", "{8520F6B1-4CFB-46A3-ABB6-87C0D6F6D0A3}"
EndProject
Project("{2150E333-8FDC-42A3-9474-1A3956D46DE8}") = "4.Complexity", "4.Complexity", "{6A237AEB-45AA-440A-9442-8753AE614EB0}"
	ProjectSection(SolutionItems) = preProject
		Oef_BigO_opl.pdf = Oef_BigO_opl.pdf
	EndProjectSection
EndProject
Project("{2150E333-8FDC-42A3-9474-1A3956D46DE8}") = "5.Recursie", "5.Recursie", "{33E34362-492C-4D61-9FC9-6B07C5029056}"
EndProject
Project("{9A19103F-16F7-4668-BE54-9A1E7A4F7556}") = "Calculator2", "WPF\Calculator2\Calculator2.csproj", "{1105D2C4-3E9F-4B19-B47D-B5C6983C00C2}"
EndProject
Project("{9A19103F-16F7-4668-BE54-9A1E7A4F7556}") = "LeeftijdsCalculator", "WPF\LeeftijdsCalculator\LeeftijdsCalculator.csproj", "{CE437742-F287-4532-A96D-3E57C7528856}"
EndProject
Project("{9A19103F-16F7-4668-BE54-9A1E7A4F7556}") = "WachtwoordGenerator", "WPF\WachtwoordGenerator\WachtwoordGenerator.csproj", "{FD1ECA46-265A-46D0-8782-54321DCA6A8D}"
EndProject
Project("{9A19103F-16F7-4668-BE54-9A1E7A4F7556}") = "Stack", "Stack\Stack\Stack.csproj", "{5F29BA9E-0B5B-4BEF-8C37-0518CD82B8A6}"
EndProject
Project("{9A19103F-16F7-4668-BE54-9A1E7A4F7556}") = "Browser", "Stack\Browser\Browser.csproj", "{9CA715A3-53D3-48C2-8C03-D5D23F68AFAE}"
EndProject
Project("{9A19103F-16F7-4668-BE54-9A1E7A4F7556}") = "ReeksOmkeren", "Stack\ReeksOmkeren\ReeksOmkeren.csproj", "{C97F99C8-DE71-4173-A222-3ECDEB5670B4}"
EndProject
Project("{9A19103F-16F7-4668-BE54-9A1E7A4F7556}") = "WiskundigeExpressie", "Stack\WiskundigeExpressie\WiskundigeExpressie.csproj", "{8C2A0638-479D-41C3-87C7-6C162298D6C3}"
EndProject
Project("{9A19103F-16F7-4668-BE54-9A1E7A4F7556}") = "Queue", "Queue\Queue\Queue.csproj", "{F9554429-799E-405D-9B08-65E3F8AB2377}"
EndProject
Project("{2150E333-8FDC-42A3-9474-1A3956D46DE8}") = "Common", "Common", "{B0E14A60-3A72-4E9E-8354-AF8DBB00B1DE}"
EndProject
Project("{9A19103F-16F7-4668-BE54-9A1E7A4F7556}") = "MyLibrary", "Common\MyLibrary\MyLibrary.csproj", "{F8B7079D-DE2D-4B2C-B3D1-2C013DA8E78E}"
EndProject
Project("{9A19103F-16F7-4668-BE54-9A1E7A4F7556}") = "AutoFabriekje", "Queue\AutoFabriekje\AutoFabriekje.csproj", "{91974609-6D33-4C27-9E30-E65D112A468A}"
EndProject
Project("{9A19103F-16F7-4668-BE54-9A1E7A4F7556}") = "StringKeerOm", "Recursie\StringKeerOm\StringKeerOm.csproj", "{AB671415-B22F-40C1-AC16-1BBD35590933}"
EndProject
Project("{9A19103F-16F7-4668-BE54-9A1E7A4F7556}") = "TorensVanHanoi", "Recursie\TorensVanHanoi\TorensVanHanoi.csproj", "{1EB2F0C9-709C-40EE-8450-14EDF1BA491B}"
EndProject
Project("{9A19103F-16F7-4668-BE54-9A1E7A4F7556}") = "CountdownRaket", "Recursie\CountdownRaket\CountdownRaket.csproj", "{88271BB4-A15D-4D2C-BE0A-1F995AC45FCE}"
EndProject
Project("{9A19103F-16F7-4668-BE54-9A1E7A4F7556}") = "Teller", "Recursie\Teller\Teller.csproj", "{93F698DF-35F5-4AA2-B2EF-11CA71395C01}"
EndProject
Project("{9A19103F-16F7-4668-BE54-9A1E7A4F7556}") = "Faculteit", "Recursie\Faculteit\Faculteit.csproj", "{F6AD5B6A-2592-4144-8801-1A88AB40F87C}"
EndProject
Project("{9A19103F-16F7-4668-BE54-9A1E7A4F7556}") = "SplitAndReverse", "Recursie\SplitAndReverse\SplitAndReverse.csproj", "{9278E434-E17F-423D-9E97-4FE0877795B4}"
EndProject
Project("{9A19103F-16F7-4668-BE54-9A1E7A4F7556}") = "AantalCijfers", "Recursie\AantalCijfers\AantalCijfers.csproj", "{6941D1D6-B7D3-4549-ADB2-89FE33F6D628}"
EndProject
Project("{9A19103F-16F7-4668-BE54-9A1E7A4F7556}") = "Fibonacci", "Recursie\Fibonacci\Fibonacci.csproj", "{D02F8445-250A-4237-9907-758AE0589F0A}"
EndProject
Project("{2150E333-8FDC-42A3-9474-1A3956D46DE8}") = "6.SorteerAlgoritmen", "6.SorteerAlgoritmen", "{CD3A4914-143E-4642-A3A2-BE5483647902}"
EndProject
Project("{9A19103F-16F7-4668-BE54-9A1E7A4F7556}") = "SorteerAlgoritmen", "SorteerAlgoritmen\SorteerAlgoritmen\SorteerAlgoritmen.csproj", "{5AE69935-A67A-4936-B5AE-727050E9E62C}"
EndProject
Project("{2150E333-8FDC-42A3-9474-1A3956D46DE8}") = "7.OODatastructures", "7.OODatastructures", "{976D97D9-8D20-493E-A57D-0042BE3D050A}"
EndProject
Project("{9A19103F-16F7-4668-BE54-9A1E7A4F7556}") = "TreeTester", "OODatastructures\TreeTester\TreeTester.csproj", "{CE04D6F2-F9E0-4DE7-AD5E-501AAC651AC1}"
EndProject
Project("{9A19103F-16F7-4668-BE54-9A1E7A4F7556}") = "SLLTester", "OODatastructures\SLLTester\SLLTester.csproj", "{6A4FCAE9-14F4-408D-AE64-61D6ED69F4A2}"
EndProject
Project("{9A19103F-16F7-4668-BE54-9A1E7A4F7556}") = "DLLTester", "DLLTester\DLLTester.csproj", "{6EBB950D-52CF-4D5A-82D7-634942CFE801}"
EndProject
Project("{2150E333-8FDC-42A3-9474-1A3956D46DE8}") = "8.ZoekAlgoritmen", "8.ZoekAlgoritmen", "{CF87B5B8-8F98-4EFF-94FC-C1FB087CACBA}"
EndProject
Project("{9A19103F-16F7-4668-BE54-9A1E7A4F7556}") = "BinarySearch", "ZoekAlgoritmen\BinarySearch\BinarySearch.csproj", "{864766EE-C737-477A-A8EC-E12F35744AB3}"
EndProject
Project("{FAE04EC0-301F-11D3-BF4B-00C04F79EFBC}") = "HashTable", "ZoekAlgoritmen\HashTable\HashTable.csproj", "{892DB979-6947-4DCE-90F8-4A816F120963}"
EndProject
Project("{2150E333-8FDC-42A3-9474-1A3956D46DE8}") = "9.Generics", "9.Generics", "{7808B727-5C4F-4CB9-A321-D17BCC7E4208}"
EndProject
Project("{FAE04EC0-301F-11D3-BF4B-00C04F79EFBC}") = "Generics", "Generics\Generics\Generics.csproj", "{64F01DE9-DACF-46C7-AB9B-0AF1360F9365}"
EndProject
Global
	GlobalSection(SolutionConfigurationPlatforms) = preSolution
		Debug|Any CPU = Debug|Any CPU
		Release|Any CPU = Release|Any CPU
	EndGlobalSection
	GlobalSection(ProjectConfigurationPlatforms) = postSolution
		{1105D2C4-3E9F-4B19-B47D-B5C6983C00C2}.Debug|Any CPU.ActiveCfg = Debug|Any CPU
		{1105D2C4-3E9F-4B19-B47D-B5C6983C00C2}.Debug|Any CPU.Build.0 = Debug|Any CPU
		{1105D2C4-3E9F-4B19-B47D-B5C6983C00C2}.Release|Any CPU.ActiveCfg = Release|Any CPU
		{1105D2C4-3E9F-4B19-B47D-B5C6983C00C2}.Release|Any CPU.Build.0 = Release|Any CPU
		{CE437742-F287-4532-A96D-3E57C7528856}.Debug|Any CPU.ActiveCfg = Debug|Any CPU
		{CE437742-F287-4532-A96D-3E57C7528856}.Debug|Any CPU.Build.0 = Debug|Any CPU
		{CE437742-F287-4532-A96D-3E57C7528856}.Release|Any CPU.ActiveCfg = Release|Any CPU
		{CE437742-F287-4532-A96D-3E57C7528856}.Release|Any CPU.Build.0 = Release|Any CPU
		{FD1ECA46-265A-46D0-8782-54321DCA6A8D}.Debug|Any CPU.ActiveCfg = Debug|Any CPU
		{FD1ECA46-265A-46D0-8782-54321DCA6A8D}.Debug|Any CPU.Build.0 = Debug|Any CPU
		{FD1ECA46-265A-46D0-8782-54321DCA6A8D}.Release|Any CPU.ActiveCfg = Release|Any CPU
		{FD1ECA46-265A-46D0-8782-54321DCA6A8D}.Release|Any CPU.Build.0 = Release|Any CPU
		{5F29BA9E-0B5B-4BEF-8C37-0518CD82B8A6}.Debug|Any CPU.ActiveCfg = Debug|Any CPU
		{5F29BA9E-0B5B-4BEF-8C37-0518CD82B8A6}.Debug|Any CPU.Build.0 = Debug|Any CPU
		{5F29BA9E-0B5B-4BEF-8C37-0518CD82B8A6}.Release|Any CPU.ActiveCfg = Release|Any CPU
		{5F29BA9E-0B5B-4BEF-8C37-0518CD82B8A6}.Release|Any CPU.Build.0 = Release|Any CPU
		{9CA715A3-53D3-48C2-8C03-D5D23F68AFAE}.Debug|Any CPU.ActiveCfg = Debug|Any CPU
		{9CA715A3-53D3-48C2-8C03-D5D23F68AFAE}.Debug|Any CPU.Build.0 = Debug|Any CPU
		{9CA715A3-53D3-48C2-8C03-D5D23F68AFAE}.Release|Any CPU.ActiveCfg = Release|Any CPU
		{9CA715A3-53D3-48C2-8C03-D5D23F68AFAE}.Release|Any CPU.Build.0 = Release|Any CPU
		{C97F99C8-DE71-4173-A222-3ECDEB5670B4}.Debug|Any CPU.ActiveCfg = Debug|Any CPU
		{C97F99C8-DE71-4173-A222-3ECDEB5670B4}.Debug|Any CPU.Build.0 = Debug|Any CPU
		{C97F99C8-DE71-4173-A222-3ECDEB5670B4}.Release|Any CPU.ActiveCfg = Release|Any CPU
		{C97F99C8-DE71-4173-A222-3ECDEB5670B4}.Release|Any CPU.Build.0 = Release|Any CPU
		{8C2A0638-479D-41C3-87C7-6C162298D6C3}.Debug|Any CPU.ActiveCfg = Debug|Any CPU
		{8C2A0638-479D-41C3-87C7-6C162298D6C3}.Debug|Any CPU.Build.0 = Debug|Any CPU
		{8C2A0638-479D-41C3-87C7-6C162298D6C3}.Release|Any CPU.ActiveCfg = Release|Any CPU
		{8C2A0638-479D-41C3-87C7-6C162298D6C3}.Release|Any CPU.Build.0 = Release|Any CPU
		{F9554429-799E-405D-9B08-65E3F8AB2377}.Debug|Any CPU.ActiveCfg = Debug|Any CPU
		{F9554429-799E-405D-9B08-65E3F8AB2377}.Debug|Any CPU.Build.0 = Debug|Any CPU
		{F9554429-799E-405D-9B08-65E3F8AB2377}.Release|Any CPU.ActiveCfg = Release|Any CPU
		{F9554429-799E-405D-9B08-65E3F8AB2377}.Release|Any CPU.Build.0 = Release|Any CPU
		{F8B7079D-DE2D-4B2C-B3D1-2C013DA8E78E}.Debug|Any CPU.ActiveCfg = Debug|Any CPU
		{F8B7079D-DE2D-4B2C-B3D1-2C013DA8E78E}.Debug|Any CPU.Build.0 = Debug|Any CPU
		{F8B7079D-DE2D-4B2C-B3D1-2C013DA8E78E}.Release|Any CPU.ActiveCfg = Release|Any CPU
		{F8B7079D-DE2D-4B2C-B3D1-2C013DA8E78E}.Release|Any CPU.Build.0 = Release|Any CPU
		{91974609-6D33-4C27-9E30-E65D112A468A}.Debug|Any CPU.ActiveCfg = Debug|Any CPU
		{91974609-6D33-4C27-9E30-E65D112A468A}.Debug|Any CPU.Build.0 = Debug|Any CPU
		{91974609-6D33-4C27-9E30-E65D112A468A}.Release|Any CPU.ActiveCfg = Release|Any CPU
		{91974609-6D33-4C27-9E30-E65D112A468A}.Release|Any CPU.Build.0 = Release|Any CPU
		{AB671415-B22F-40C1-AC16-1BBD35590933}.Debug|Any CPU.ActiveCfg = Debug|Any CPU
		{AB671415-B22F-40C1-AC16-1BBD35590933}.Debug|Any CPU.Build.0 = Debug|Any CPU
		{AB671415-B22F-40C1-AC16-1BBD35590933}.Release|Any CPU.ActiveCfg = Release|Any CPU
		{AB671415-B22F-40C1-AC16-1BBD35590933}.Release|Any CPU.Build.0 = Release|Any CPU
		{1EB2F0C9-709C-40EE-8450-14EDF1BA491B}.Debug|Any CPU.ActiveCfg = Debug|Any CPU
		{1EB2F0C9-709C-40EE-8450-14EDF1BA491B}.Debug|Any CPU.Build.0 = Debug|Any CPU
		{1EB2F0C9-709C-40EE-8450-14EDF1BA491B}.Release|Any CPU.ActiveCfg = Release|Any CPU
		{1EB2F0C9-709C-40EE-8450-14EDF1BA491B}.Release|Any CPU.Build.0 = Release|Any CPU
		{88271BB4-A15D-4D2C-BE0A-1F995AC45FCE}.Debug|Any CPU.ActiveCfg = Debug|Any CPU
		{88271BB4-A15D-4D2C-BE0A-1F995AC45FCE}.Debug|Any CPU.Build.0 = Debug|Any CPU
		{88271BB4-A15D-4D2C-BE0A-1F995AC45FCE}.Release|Any CPU.ActiveCfg = Release|Any CPU
		{88271BB4-A15D-4D2C-BE0A-1F995AC45FCE}.Release|Any CPU.Build.0 = Release|Any CPU
		{93F698DF-35F5-4AA2-B2EF-11CA71395C01}.Debug|Any CPU.ActiveCfg = Debug|Any CPU
		{93F698DF-35F5-4AA2-B2EF-11CA71395C01}.Debug|Any CPU.Build.0 = Debug|Any CPU
		{93F698DF-35F5-4AA2-B2EF-11CA71395C01}.Release|Any CPU.ActiveCfg = Release|Any CPU
		{93F698DF-35F5-4AA2-B2EF-11CA71395C01}.Release|Any CPU.Build.0 = Release|Any CPU
		{F6AD5B6A-2592-4144-8801-1A88AB40F87C}.Debug|Any CPU.ActiveCfg = Debug|Any CPU
		{F6AD5B6A-2592-4144-8801-1A88AB40F87C}.Debug|Any CPU.Build.0 = Debug|Any CPU
		{F6AD5B6A-2592-4144-8801-1A88AB40F87C}.Release|Any CPU.ActiveCfg = Release|Any CPU
		{F6AD5B6A-2592-4144-8801-1A88AB40F87C}.Release|Any CPU.Build.0 = Release|Any CPU
		{9278E434-E17F-423D-9E97-4FE0877795B4}.Debug|Any CPU.ActiveCfg = Debug|Any CPU
		{9278E434-E17F-423D-9E97-4FE0877795B4}.Debug|Any CPU.Build.0 = Debug|Any CPU
		{9278E434-E17F-423D-9E97-4FE0877795B4}.Release|Any CPU.ActiveCfg = Release|Any CPU
		{9278E434-E17F-423D-9E97-4FE0877795B4}.Release|Any CPU.Build.0 = Release|Any CPU
		{6941D1D6-B7D3-4549-ADB2-89FE33F6D628}.Debug|Any CPU.ActiveCfg = Debug|Any CPU
		{6941D1D6-B7D3-4549-ADB2-89FE33F6D628}.Debug|Any CPU.Build.0 = Debug|Any CPU
		{6941D1D6-B7D3-4549-ADB2-89FE33F6D628}.Release|Any CPU.ActiveCfg = Release|Any CPU
		{6941D1D6-B7D3-4549-ADB2-89FE33F6D628}.Release|Any CPU.Build.0 = Release|Any CPU
		{D02F8445-250A-4237-9907-758AE0589F0A}.Debug|Any CPU.ActiveCfg = Debug|Any CPU
		{D02F8445-250A-4237-9907-758AE0589F0A}.Debug|Any CPU.Build.0 = Debug|Any CPU
		{D02F8445-250A-4237-9907-758AE0589F0A}.Release|Any CPU.ActiveCfg = Release|Any CPU
		{D02F8445-250A-4237-9907-758AE0589F0A}.Release|Any CPU.Build.0 = Release|Any CPU
		{5AE69935-A67A-4936-B5AE-727050E9E62C}.Debug|Any CPU.ActiveCfg = Debug|Any CPU
		{5AE69935-A67A-4936-B5AE-727050E9E62C}.Debug|Any CPU.Build.0 = Debug|Any CPU
		{5AE69935-A67A-4936-B5AE-727050E9E62C}.Release|Any CPU.ActiveCfg = Release|Any CPU
		{5AE69935-A67A-4936-B5AE-727050E9E62C}.Release|Any CPU.Build.0 = Release|Any CPU
		{CE04D6F2-F9E0-4DE7-AD5E-501AAC651AC1}.Debug|Any CPU.ActiveCfg = Debug|Any CPU
		{CE04D6F2-F9E0-4DE7-AD5E-501AAC651AC1}.Debug|Any CPU.Build.0 = Debug|Any CPU
		{CE04D6F2-F9E0-4DE7-AD5E-501AAC651AC1}.Release|Any CPU.ActiveCfg = Release|Any CPU
		{CE04D6F2-F9E0-4DE7-AD5E-501AAC651AC1}.Release|Any CPU.Build.0 = Release|Any CPU
		{6A4FCAE9-14F4-408D-AE64-61D6ED69F4A2}.Debug|Any CPU.ActiveCfg = Debug|Any CPU
		{6A4FCAE9-14F4-408D-AE64-61D6ED69F4A2}.Debug|Any CPU.Build.0 = Debug|Any CPU
		{6A4FCAE9-14F4-408D-AE64-61D6ED69F4A2}.Release|Any CPU.ActiveCfg = Release|Any CPU
		{6A4FCAE9-14F4-408D-AE64-61D6ED69F4A2}.Release|Any CPU.Build.0 = Release|Any CPU
		{6EBB950D-52CF-4D5A-82D7-634942CFE801}.Debug|Any CPU.ActiveCfg = Debug|Any CPU
		{6EBB950D-52CF-4D5A-82D7-634942CFE801}.Debug|Any CPU.Build.0 = Debug|Any CPU
		{6EBB950D-52CF-4D5A-82D7-634942CFE801}.Release|Any CPU.ActiveCfg = Release|Any CPU
		{6EBB950D-52CF-4D5A-82D7-634942CFE801}.Release|Any CPU.Build.0 = Release|Any CPU
		{864766EE-C737-477A-A8EC-E12F35744AB3}.Debug|Any CPU.ActiveCfg = Debug|Any CPU
		{864766EE-C737-477A-A8EC-E12F35744AB3}.Debug|Any CPU.Build.0 = Debug|Any CPU
		{864766EE-C737-477A-A8EC-E12F35744AB3}.Release|Any CPU.ActiveCfg = Release|Any CPU
		{864766EE-C737-477A-A8EC-E12F35744AB3}.Release|Any CPU.Build.0 = Release|Any CPU
		{892DB979-6947-4DCE-90F8-4A816F120963}.Debug|Any CPU.ActiveCfg = Debug|Any CPU
		{892DB979-6947-4DCE-90F8-4A816F120963}.Debug|Any CPU.Build.0 = Debug|Any CPU
		{892DB979-6947-4DCE-90F8-4A816F120963}.Release|Any CPU.ActiveCfg = Release|Any CPU
		{892DB979-6947-4DCE-90F8-4A816F120963}.Release|Any CPU.Build.0 = Release|Any CPU
		{64F01DE9-DACF-46C7-AB9B-0AF1360F9365}.Debug|Any CPU.ActiveCfg = Debug|Any CPU
		{64F01DE9-DACF-46C7-AB9B-0AF1360F9365}.Debug|Any CPU.Build.0 = Debug|Any CPU
		{64F01DE9-DACF-46C7-AB9B-0AF1360F9365}.Release|Any CPU.ActiveCfg = Release|Any CPU
		{64F01DE9-DACF-46C7-AB9B-0AF1360F9365}.Release|Any CPU.Build.0 = Release|Any CPU
	EndGlobalSection
	GlobalSection(SolutionProperties) = preSolution
		HideSolutionNode = FALSE
	EndGlobalSection
	GlobalSection(NestedProjects) = preSolution
		{1105D2C4-3E9F-4B19-B47D-B5C6983C00C2} = {BDC6391E-BEF4-4A72-AFEA-99AE1EEB674C}
		{CE437742-F287-4532-A96D-3E57C7528856} = {BDC6391E-BEF4-4A72-AFEA-99AE1EEB674C}
		{FD1ECA46-265A-46D0-8782-54321DCA6A8D} = {BDC6391E-BEF4-4A72-AFEA-99AE1EEB674C}
		{5F29BA9E-0B5B-4BEF-8C37-0518CD82B8A6} = {6E0F2792-9A9A-4467-8CEC-6C490393BC1A}
		{9CA715A3-53D3-48C2-8C03-D5D23F68AFAE} = {6E0F2792-9A9A-4467-8CEC-6C490393BC1A}
		{C97F99C8-DE71-4173-A222-3ECDEB5670B4} = {6E0F2792-9A9A-4467-8CEC-6C490393BC1A}
		{8C2A0638-479D-41C3-87C7-6C162298D6C3} = {6E0F2792-9A9A-4467-8CEC-6C490393BC1A}
		{F9554429-799E-405D-9B08-65E3F8AB2377} = {8520F6B1-4CFB-46A3-ABB6-87C0D6F6D0A3}
		{F8B7079D-DE2D-4B2C-B3D1-2C013DA8E78E} = {B0E14A60-3A72-4E9E-8354-AF8DBB00B1DE}
		{91974609-6D33-4C27-9E30-E65D112A468A} = {8520F6B1-4CFB-46A3-ABB6-87C0D6F6D0A3}
		{AB671415-B22F-40C1-AC16-1BBD35590933} = {33E34362-492C-4D61-9FC9-6B07C5029056}
		{1EB2F0C9-709C-40EE-8450-14EDF1BA491B} = {33E34362-492C-4D61-9FC9-6B07C5029056}
		{88271BB4-A15D-4D2C-BE0A-1F995AC45FCE} = {33E34362-492C-4D61-9FC9-6B07C5029056}
		{93F698DF-35F5-4AA2-B2EF-11CA71395C01} = {33E34362-492C-4D61-9FC9-6B07C5029056}
		{F6AD5B6A-2592-4144-8801-1A88AB40F87C} = {33E34362-492C-4D61-9FC9-6B07C5029056}
		{9278E434-E17F-423D-9E97-4FE0877795B4} = {33E34362-492C-4D61-9FC9-6B07C5029056}
		{6941D1D6-B7D3-4549-ADB2-89FE33F6D628} = {33E34362-492C-4D61-9FC9-6B07C5029056}
		{D02F8445-250A-4237-9907-758AE0589F0A} = {33E34362-492C-4D61-9FC9-6B07C5029056}
		{5AE69935-A67A-4936-B5AE-727050E9E62C} = {CD3A4914-143E-4642-A3A2-BE5483647902}
		{CE04D6F2-F9E0-4DE7-AD5E-501AAC651AC1} = {976D97D9-8D20-493E-A57D-0042BE3D050A}
		{6A4FCAE9-14F4-408D-AE64-61D6ED69F4A2} = {976D97D9-8D20-493E-A57D-0042BE3D050A}
		{6EBB950D-52CF-4D5A-82D7-634942CFE801} = {976D97D9-8D20-493E-A57D-0042BE3D050A}
		{864766EE-C737-477A-A8EC-E12F35744AB3} = {CF87B5B8-8F98-4EFF-94FC-C1FB087CACBA}
		{892DB979-6947-4DCE-90F8-4A816F120963} = {CF87B5B8-8F98-4EFF-94FC-C1FB087CACBA}
		{64F01DE9-DACF-46C7-AB9B-0AF1360F9365} = {7808B727-5C4F-4CB9-A321-D17BCC7E4208}
	EndGlobalSection
	GlobalSection(ExtensibilityGlobals) = postSolution
		SolutionGuid = {63B979FD-FFD1-47BB-886C-320C5127E9AD}
	EndGlobalSection
EndGlobal
