
Microsoft Visual Studio Solution File, Format Version 12.00
# Visual Studio Version 16
VisualStudioVersion = 16.0.31129.286
MinimumVisualStudioVersion = 10.0.40219.1
Project("{FAE04EC0-301F-11D3-BF4B-00C04F79EFBC}") = "StudentOrganizer", "StudentOrganizer\StudentOrganizer.csproj", "{80877E59-82C7-41BF-8F61-9A11A67AD48D}"
EndProject
Global
	GlobalSection(SolutionConfigurationPlatforms) = preSolution
		Debug|Any CPU = Debug|Any CPU
		Release|Any CPU = Release|Any CPU
	EndGlobalSection
	GlobalSection(ProjectConfigurationPlatforms) = postSolution
		{80877E59-82C7-41BF-8F61-9A11A67AD48D}.Debug|Any CPU.ActiveCfg = Debug|Any CPU
		{80877E59-82C7-41BF-8F61-9A11A67AD48D}.Debug|Any CPU.Build.0 = Debug|Any CPU
		{80877E59-82C7-41BF-8F61-9A11A67AD48D}.Release|Any CPU.ActiveCfg = Release|Any CPU
		{80877E59-82C7-41BF-8F61-9A11A67AD48D}.Release|Any CPU.Build.0 = Release|Any CPU
	EndGlobalSection
	GlobalSection(SolutionProperties) = preSolution
		HideSolutionNode = FALSE
	EndGlobalSection
	GlobalSection(ExtensibilityGlobals) = postSolution
		SolutionGuid = {73130B9F-BEAA-4A4C-BD24-0C1964F7088B}
	EndGlobalSection
EndGlobal
