
Microsoft Visual Studio Solution File, Format Version 12.00
# Visual Studio Version 16
VisualStudioVersion = 16.0.31129.286
MinimumVisualStudioVersion = 10.0.40219.1
Project("{FAE04EC0-301F-11D3-BF4B-00C04F79EFBC}") = "MagicTheGathering", "MagicTheGathering.csproj", "{D3D4BEB3-61CA-4BCA-81AF-8F661A1A881B}"
EndProject
Global
	GlobalSection(SolutionConfigurationPlatforms) = preSolution
		Debug|Any CPU = Debug|Any CPU
		Release|Any CPU = Release|Any CPU
	EndGlobalSection
	GlobalSection(ProjectConfigurationPlatforms) = postSolution
		{D3D4BEB3-61CA-4BCA-81AF-8F661A1A881B}.Debug|Any CPU.ActiveCfg = Debug|Any CPU
		{D3D4BEB3-61CA-4BCA-81AF-8F661A1A881B}.Debug|Any CPU.Build.0 = Debug|Any CPU
		{D3D4BEB3-61CA-4BCA-81AF-8F661A1A881B}.Release|Any CPU.ActiveCfg = Release|Any CPU
		{D3D4BEB3-61CA-4BCA-81AF-8F661A1A881B}.Release|Any CPU.Build.0 = Release|Any CPU
	EndGlobalSection
	GlobalSection(SolutionProperties) = preSolution
		HideSolutionNode = FALSE
	EndGlobalSection
	GlobalSection(ExtensibilityGlobals) = postSolution
		SolutionGuid = {AE100D21-4FBC-4AEE-9843-0F8D0FE22E8C}
	EndGlobalSection
EndGlobal
