
Microsoft Visual Studio Solution File, Format Version 12.00
# Visual Studio Version 16
VisualStudioVersion = 16.0.30204.135
MinimumVisualStudioVersion = 10.0.40219.1
Project("{FAE04EC0-301F-11D3-BF4B-00C04F79EFBC}") = "Simple maths", "Simple maths.csproj", "{707AF242-039A-4F04-8E42-DAA4969E8BD6}"
EndProject
Project("{FAE04EC0-301F-11D3-BF4B-00C04F79EFBC}") = "Gewicht in space", "..\Gewicht in space\Gewicht in space.csproj", "{A3C946F6-8D1D-420A-9B29-C1D8977D1A28}"
EndProject
Global
	GlobalSection(SolutionConfigurationPlatforms) = preSolution
		Debug|Any CPU = Debug|Any CPU
		Release|Any CPU = Release|Any CPU
	EndGlobalSection
	GlobalSection(ProjectConfigurationPlatforms) = postSolution
		{707AF242-039A-4F04-8E42-DAA4969E8BD6}.Debug|Any CPU.ActiveCfg = Debug|Any CPU
		{707AF242-039A-4F04-8E42-DAA4969E8BD6}.Debug|Any CPU.Build.0 = Debug|Any CPU
		{707AF242-039A-4F04-8E42-DAA4969E8BD6}.Release|Any CPU.ActiveCfg = Release|Any CPU
		{707AF242-039A-4F04-8E42-DAA4969E8BD6}.Release|Any CPU.Build.0 = Release|Any CPU
		{A3C946F6-8D1D-420A-9B29-C1D8977D1A28}.Debug|Any CPU.ActiveCfg = Debug|Any CPU
		{A3C946F6-8D1D-420A-9B29-C1D8977D1A28}.Debug|Any CPU.Build.0 = Debug|Any CPU
		{A3C946F6-8D1D-420A-9B29-C1D8977D1A28}.Release|Any CPU.ActiveCfg = Release|Any CPU
		{A3C946F6-8D1D-420A-9B29-C1D8977D1A28}.Release|Any CPU.Build.0 = Release|Any CPU
	EndGlobalSection
	GlobalSection(SolutionProperties) = preSolution
		HideSolutionNode = FALSE
	EndGlobalSection
	GlobalSection(ExtensibilityGlobals) = postSolution
		SolutionGuid = {777C0105-5945-4DD6-9182-CD586BF47B20}
	EndGlobalSection
EndGlobal
