
Microsoft Visual Studio Solution File, Format Version 12.00
# Visual Studio Version 16
VisualStudioVersion = 16.0.31410.357
MinimumVisualStudioVersion = 10.0.40219.1
Project("{FAE04EC0-301F-11D3-BF4B-00C04F79EFBC}") = "MyGameStore", "MyGameStore\MyGameStore.csproj", "{D61AC788-E780-4F93-ACB6-325486A5E30E}"
EndProject
Global
	GlobalSection(SolutionConfigurationPlatforms) = preSolution
		Debug|Any CPU = Debug|Any CPU
		Release|Any CPU = Release|Any CPU
	EndGlobalSection
	GlobalSection(ProjectConfigurationPlatforms) = postSolution
		{D61AC788-E780-4F93-ACB6-325486A5E30E}.Debug|Any CPU.ActiveCfg = Debug|Any CPU
		{D61AC788-E780-4F93-ACB6-325486A5E30E}.Debug|Any CPU.Build.0 = Debug|Any CPU
		{D61AC788-E780-4F93-ACB6-325486A5E30E}.Release|Any CPU.ActiveCfg = Release|Any CPU
		{D61AC788-E780-4F93-ACB6-325486A5E30E}.Release|Any CPU.Build.0 = Release|Any CPU
	EndGlobalSection
	GlobalSection(SolutionProperties) = preSolution
		HideSolutionNode = FALSE
	EndGlobalSection
	GlobalSection(ExtensibilityGlobals) = postSolution
		SolutionGuid = {064C752A-090F-4C45-900A-7C773A0E4996}
	EndGlobalSection
EndGlobal
