
Microsoft Visual Studio Solution File, Format Version 12.00
# Visual Studio Version 16
VisualStudioVersion = 16.0.30204.135
MinimumVisualStudioVersion = 10.0.40219.1
Project("{FAE04EC0-301F-11D3-BF4B-00C04F79EFBC}") = "Oef1", "Oef1.csproj", "{3FB7A6FC-7F41-4B66-A2D8-775C31C7BFBB}"
EndProject
Project("{FAE04EC0-301F-11D3-BF4B-00C04F79EFBC}") = "Oef2", "..\Oef2\Oef2.csproj", "{33D4E527-9CD2-442E-8D3C-2C2670912893}"
EndProject
Project("{FAE04EC0-301F-11D3-BF4B-00C04F79EFBC}") = "Oef3", "..\Oef3\Oef3.csproj", "{556C8FD2-E9F5-44CD-BBEF-97B5EF01D9DF}"
EndProject
Global
	GlobalSection(SolutionConfigurationPlatforms) = preSolution
		Debug|Any CPU = Debug|Any CPU
		Release|Any CPU = Release|Any CPU
	EndGlobalSection
	GlobalSection(ProjectConfigurationPlatforms) = postSolution
		{3FB7A6FC-7F41-4B66-A2D8-775C31C7BFBB}.Debug|Any CPU.ActiveCfg = Debug|Any CPU
		{3FB7A6FC-7F41-4B66-A2D8-775C31C7BFBB}.Debug|Any CPU.Build.0 = Debug|Any CPU
		{3FB7A6FC-7F41-4B66-A2D8-775C31C7BFBB}.Release|Any CPU.ActiveCfg = Release|Any CPU
		{3FB7A6FC-7F41-4B66-A2D8-775C31C7BFBB}.Release|Any CPU.Build.0 = Release|Any CPU
		{33D4E527-9CD2-442E-8D3C-2C2670912893}.Debug|Any CPU.ActiveCfg = Debug|Any CPU
		{33D4E527-9CD2-442E-8D3C-2C2670912893}.Debug|Any CPU.Build.0 = Debug|Any CPU
		{33D4E527-9CD2-442E-8D3C-2C2670912893}.Release|Any CPU.ActiveCfg = Release|Any CPU
		{33D4E527-9CD2-442E-8D3C-2C2670912893}.Release|Any CPU.Build.0 = Release|Any CPU
		{556C8FD2-E9F5-44CD-BBEF-97B5EF01D9DF}.Debug|Any CPU.ActiveCfg = Debug|Any CPU
		{556C8FD2-E9F5-44CD-BBEF-97B5EF01D9DF}.Debug|Any CPU.Build.0 = Debug|Any CPU
		{556C8FD2-E9F5-44CD-BBEF-97B5EF01D9DF}.Release|Any CPU.ActiveCfg = Release|Any CPU
		{556C8FD2-E9F5-44CD-BBEF-97B5EF01D9DF}.Release|Any CPU.Build.0 = Release|Any CPU
	EndGlobalSection
	GlobalSection(SolutionProperties) = preSolution
		HideSolutionNode = FALSE
	EndGlobalSection
	GlobalSection(ExtensibilityGlobals) = postSolution
		SolutionGuid = {E2067EAE-B04F-4A1A-AB30-DFFA4ABC654C}
	EndGlobalSection
EndGlobal
