
Microsoft Visual Studio Solution File, Format Version 12.00
# Visual Studio Version 16
VisualStudioVersion = 16.0.31129.286
MinimumVisualStudioVersion = 10.0.40219.1
Project("{FAE04EC0-301F-11D3-BF4B-00C04F79EFBC}") = "oef1", "oef1\oef1.csproj", "{B85A1A9C-0BAA-4164-94F0-59E9D746C5F5}"
EndProject
Project("{FAE04EC0-301F-11D3-BF4B-00C04F79EFBC}") = "oef2", "oef2\oef2.csproj", "{D1F274EE-5CB8-4225-A8E5-01750C47232A}"
EndProject
Global
	GlobalSection(SolutionConfigurationPlatforms) = preSolution
		Debug|Any CPU = Debug|Any CPU
		Release|Any CPU = Release|Any CPU
	EndGlobalSection
	GlobalSection(ProjectConfigurationPlatforms) = postSolution
		{B85A1A9C-0BAA-4164-94F0-59E9D746C5F5}.Debug|Any CPU.ActiveCfg = Debug|Any CPU
		{B85A1A9C-0BAA-4164-94F0-59E9D746C5F5}.Debug|Any CPU.Build.0 = Debug|Any CPU
		{B85A1A9C-0BAA-4164-94F0-59E9D746C5F5}.Release|Any CPU.ActiveCfg = Release|Any CPU
		{B85A1A9C-0BAA-4164-94F0-59E9D746C5F5}.Release|Any CPU.Build.0 = Release|Any CPU
		{D1F274EE-5CB8-4225-A8E5-01750C47232A}.Debug|Any CPU.ActiveCfg = Debug|Any CPU
		{D1F274EE-5CB8-4225-A8E5-01750C47232A}.Debug|Any CPU.Build.0 = Debug|Any CPU
		{D1F274EE-5CB8-4225-A8E5-01750C47232A}.Release|Any CPU.ActiveCfg = Release|Any CPU
		{D1F274EE-5CB8-4225-A8E5-01750C47232A}.Release|Any CPU.Build.0 = Release|Any CPU
	EndGlobalSection
	GlobalSection(SolutionProperties) = preSolution
		HideSolutionNode = FALSE
	EndGlobalSection
	GlobalSection(ExtensibilityGlobals) = postSolution
		SolutionGuid = {AAE6BC4A-CF7F-4502-9E01-2DB739FF27F4}
	EndGlobalSection
EndGlobal
