
Microsoft Visual Studio Solution File, Format Version 12.00
# Visual Studio Version 16
VisualStudioVersion = 16.0.30204.135
MinimumVisualStudioVersion = 10.0.40219.1
Project("{FAE04EC0-301F-11D3-BF4B-00C04F79EFBC}") = "Simple maths", "Simple maths\Simple maths.csproj", "{79FA84DD-1239-4FF5-85AB-49CC0BAD4560}"
EndProject
Project("{FAE04EC0-301F-11D3-BF4B-00C04F79EFBC}") = "Gemiddelde", "Gemiddelde\Gemiddelde.csproj", "{D0756BCE-5406-4C1F-9B03-13464231DE4F}"
EndProject
Project("{FAE04EC0-301F-11D3-BF4B-00C04F79EFBC}") = "Euro_Dollar", "Euro_Dollar\Euro_Dollar.csproj", "{FCD119A6-C0D7-472B-B075-D833097AE976}"
EndProject
Project("{FAE04EC0-301F-11D3-BF4B-00C04F79EFBC}") = "Tafel", "Tafel\Tafel.csproj", "{0F5E2173-C591-4593-8931-4634D4E4B907}"
EndProject
Project("{FAE04EC0-301F-11D3-BF4B-00C04F79EFBC}") = "Kill_Death", "Kill_Death\Kill_Death.csproj", "{652D4146-7258-41D7-80D5-B2059994988B}"
EndProject
Project("{FAE04EC0-301F-11D3-BF4B-00C04F79EFBC}") = "BTW", "BTW\BTW.csproj", "{6052600A-3B07-4FD9-80C6-C9CB7AEB4D34}"
EndProject
Project("{FAE04EC0-301F-11D3-BF4B-00C04F79EFBC}") = "Gewicht_in_space", "Gewicht_in_space\Gewicht_in_space.csproj", "{58C001C5-E6D7-4E79-90A4-3F1AC9293A84}"
EndProject
Global
	GlobalSection(SolutionConfigurationPlatforms) = preSolution
		Debug|Any CPU = Debug|Any CPU
		Release|Any CPU = Release|Any CPU
	EndGlobalSection
	GlobalSection(ProjectConfigurationPlatforms) = postSolution
		{79FA84DD-1239-4FF5-85AB-49CC0BAD4560}.Debug|Any CPU.ActiveCfg = Debug|Any CPU
		{79FA84DD-1239-4FF5-85AB-49CC0BAD4560}.Debug|Any CPU.Build.0 = Debug|Any CPU
		{79FA84DD-1239-4FF5-85AB-49CC0BAD4560}.Release|Any CPU.ActiveCfg = Release|Any CPU
		{79FA84DD-1239-4FF5-85AB-49CC0BAD4560}.Release|Any CPU.Build.0 = Release|Any CPU
		{D0756BCE-5406-4C1F-9B03-13464231DE4F}.Debug|Any CPU.ActiveCfg = Debug|Any CPU
		{D0756BCE-5406-4C1F-9B03-13464231DE4F}.Debug|Any CPU.Build.0 = Debug|Any CPU
		{D0756BCE-5406-4C1F-9B03-13464231DE4F}.Release|Any CPU.ActiveCfg = Release|Any CPU
		{D0756BCE-5406-4C1F-9B03-13464231DE4F}.Release|Any CPU.Build.0 = Release|Any CPU
		{FCD119A6-C0D7-472B-B075-D833097AE976}.Debug|Any CPU.ActiveCfg = Debug|Any CPU
		{FCD119A6-C0D7-472B-B075-D833097AE976}.Debug|Any CPU.Build.0 = Debug|Any CPU
		{FCD119A6-C0D7-472B-B075-D833097AE976}.Release|Any CPU.ActiveCfg = Release|Any CPU
		{FCD119A6-C0D7-472B-B075-D833097AE976}.Release|Any CPU.Build.0 = Release|Any CPU
		{0F5E2173-C591-4593-8931-4634D4E4B907}.Debug|Any CPU.ActiveCfg = Debug|Any CPU
		{0F5E2173-C591-4593-8931-4634D4E4B907}.Debug|Any CPU.Build.0 = Debug|Any CPU
		{0F5E2173-C591-4593-8931-4634D4E4B907}.Release|Any CPU.ActiveCfg = Release|Any CPU
		{0F5E2173-C591-4593-8931-4634D4E4B907}.Release|Any CPU.Build.0 = Release|Any CPU
		{652D4146-7258-41D7-80D5-B2059994988B}.Debug|Any CPU.ActiveCfg = Debug|Any CPU
		{652D4146-7258-41D7-80D5-B2059994988B}.Debug|Any CPU.Build.0 = Debug|Any CPU
		{652D4146-7258-41D7-80D5-B2059994988B}.Release|Any CPU.ActiveCfg = Release|Any CPU
		{652D4146-7258-41D7-80D5-B2059994988B}.Release|Any CPU.Build.0 = Release|Any CPU
		{6052600A-3B07-4FD9-80C6-C9CB7AEB4D34}.Debug|Any CPU.ActiveCfg = Debug|Any CPU
		{6052600A-3B07-4FD9-80C6-C9CB7AEB4D34}.Debug|Any CPU.Build.0 = Debug|Any CPU
		{6052600A-3B07-4FD9-80C6-C9CB7AEB4D34}.Release|Any CPU.ActiveCfg = Release|Any CPU
		{6052600A-3B07-4FD9-80C6-C9CB7AEB4D34}.Release|Any CPU.Build.0 = Release|Any CPU
		{58C001C5-E6D7-4E79-90A4-3F1AC9293A84}.Debug|Any CPU.ActiveCfg = Debug|Any CPU
		{58C001C5-E6D7-4E79-90A4-3F1AC9293A84}.Debug|Any CPU.Build.0 = Debug|Any CPU
		{58C001C5-E6D7-4E79-90A4-3F1AC9293A84}.Release|Any CPU.ActiveCfg = Release|Any CPU
		{58C001C5-E6D7-4E79-90A4-3F1AC9293A84}.Release|Any CPU.Build.0 = Release|Any CPU
	EndGlobalSection
	GlobalSection(SolutionProperties) = preSolution
		HideSolutionNode = FALSE
	EndGlobalSection
	GlobalSection(ExtensibilityGlobals) = postSolution
		SolutionGuid = {5D99B29C-69E3-4B3F-87ED-A820BE9EC3CA}
	EndGlobalSection
EndGlobal
