
Microsoft Visual Studio Solution File, Format Version 12.00
# Visual Studio Version 16
VisualStudioVersion = 16.0.30413.136
MinimumVisualStudioVersion = 10.0.40219.1
Project("{FAE04EC0-301F-11D3-BF4B-00C04F79EFBC}") = "Opgave 1", "Opgave 1\Opgave 1.csproj", "{9293242C-3E23-491F-8CA1-1E19EA5D74E6}"
EndProject
Project("{FAE04EC0-301F-11D3-BF4B-00C04F79EFBC}") = "Opgave 2", "Opgave 2\Opgave 2.csproj", "{57CA6C26-F4ED-4847-B91A-524BDA74B4CA}"
EndProject
Global
	GlobalSection(SolutionConfigurationPlatforms) = preSolution
		Debug|Any CPU = Debug|Any CPU
		Release|Any CPU = Release|Any CPU
	EndGlobalSection
	GlobalSection(ProjectConfigurationPlatforms) = postSolution
		{9293242C-3E23-491F-8CA1-1E19EA5D74E6}.Debug|Any CPU.ActiveCfg = Debug|Any CPU
		{9293242C-3E23-491F-8CA1-1E19EA5D74E6}.Debug|Any CPU.Build.0 = Debug|Any CPU
		{9293242C-3E23-491F-8CA1-1E19EA5D74E6}.Release|Any CPU.ActiveCfg = Release|Any CPU
		{9293242C-3E23-491F-8CA1-1E19EA5D74E6}.Release|Any CPU.Build.0 = Release|Any CPU
		{57CA6C26-F4ED-4847-B91A-524BDA74B4CA}.Debug|Any CPU.ActiveCfg = Debug|Any CPU
		{57CA6C26-F4ED-4847-B91A-524BDA74B4CA}.Debug|Any CPU.Build.0 = Debug|Any CPU
		{57CA6C26-F4ED-4847-B91A-524BDA74B4CA}.Release|Any CPU.ActiveCfg = Release|Any CPU
		{57CA6C26-F4ED-4847-B91A-524BDA74B4CA}.Release|Any CPU.Build.0 = Release|Any CPU
	EndGlobalSection
	GlobalSection(SolutionProperties) = preSolution
		HideSolutionNode = FALSE
	EndGlobalSection
	GlobalSection(ExtensibilityGlobals) = postSolution
		SolutionGuid = {C7072CCD-A7C2-40B9-8FE3-01D80452BF3D}
	EndGlobalSection
EndGlobal
