
Microsoft Visual Studio Solution File, Format Version 12.00
# Visual Studio Version 16
VisualStudioVersion = 16.0.30204.135
MinimumVisualStudioVersion = 10.0.40219.1
Project("{9A19103F-16F7-4668-BE54-9A1E7A4F7556}") = "D1_RNA Transcriptie", "RNA Transcriptie\D1_RNA Transcriptie.csproj", "{24F1E3DD-27C4-4E6A-B850-F330285F9FDD}"
EndProject
Project("{9A19103F-16F7-4668-BE54-9A1E7A4F7556}") = "D1_Tafels van vermenigvuldigen", "Tafels van vermenigvuldigen\D1_Tafels van vermenigvuldigen.csproj", "{3A265E8F-B019-4735-A5F2-27DAAFE3D842}"
EndProject
Project("{9A19103F-16F7-4668-BE54-9A1E7A4F7556}") = "D1_Armstrong nummer", "Armstrong nummer\D1_Armstrong nummer.csproj", "{A84B37DC-1E00-4288-8380-AE9F74247A94}"
EndProject
Project("{9A19103F-16F7-4668-BE54-9A1E7A4F7556}") = "D1_Euler project", "D1_Euler project\D1_Euler project.csproj", "{18FF1C39-5C34-4279-BDBD-A10E68B0837A}"
EndProject
Project("{9A19103F-16F7-4668-BE54-9A1E7A4F7556}") = "D1_For doordenker", "D1_For doordenker\D1_For doordenker.csproj", "{A74C9431-CB30-434D-A864-F4170F5E2BCF}"
EndProject
Project("{9A19103F-16F7-4668-BE54-9A1E7A4F7556}") = "D2_Cooldown", "Cooldown\D2_Cooldown.csproj", "{3031489D-E4FB-458C-B327-87CD419EF15E}"
EndProject
Project("{9A19103F-16F7-4668-BE54-9A1E7A4F7556}") = "D3_Grootste getal", "D3_Grootste getal\D3_Grootste getal.csproj", "{DC18D3F3-70B0-43D2-8824-34E971E35DA4}"
EndProject
Project("{9A19103F-16F7-4668-BE54-9A1E7A4F7556}") = "D3_Boekhouder", "D3_Boekhouder\D3_Boekhouder.csproj", "{4B07CB26-1C99-4F28-BDD6-4F6662329867}"
EndProject
Project("{FAE04EC0-301F-11D3-BF4B-00C04F79EFBC}") = "D3_Hoger lager", "D3_Hoger lager\D3_Hoger lager.csproj", "{029CA2ED-5C0C-4D99-A728-08898CC5086F}"
EndProject
Global
	GlobalSection(SolutionConfigurationPlatforms) = preSolution
		Debug|Any CPU = Debug|Any CPU
		Release|Any CPU = Release|Any CPU
	EndGlobalSection
	GlobalSection(ProjectConfigurationPlatforms) = postSolution
		{24F1E3DD-27C4-4E6A-B850-F330285F9FDD}.Debug|Any CPU.ActiveCfg = Debug|Any CPU
		{24F1E3DD-27C4-4E6A-B850-F330285F9FDD}.Debug|Any CPU.Build.0 = Debug|Any CPU
		{24F1E3DD-27C4-4E6A-B850-F330285F9FDD}.Release|Any CPU.ActiveCfg = Release|Any CPU
		{24F1E3DD-27C4-4E6A-B850-F330285F9FDD}.Release|Any CPU.Build.0 = Release|Any CPU
		{3A265E8F-B019-4735-A5F2-27DAAFE3D842}.Debug|Any CPU.ActiveCfg = Debug|Any CPU
		{3A265E8F-B019-4735-A5F2-27DAAFE3D842}.Debug|Any CPU.Build.0 = Debug|Any CPU
		{3A265E8F-B019-4735-A5F2-27DAAFE3D842}.Release|Any CPU.ActiveCfg = Release|Any CPU
		{3A265E8F-B019-4735-A5F2-27DAAFE3D842}.Release|Any CPU.Build.0 = Release|Any CPU
		{A84B37DC-1E00-4288-8380-AE9F74247A94}.Debug|Any CPU.ActiveCfg = Debug|Any CPU
		{A84B37DC-1E00-4288-8380-AE9F74247A94}.Debug|Any CPU.Build.0 = Debug|Any CPU
		{A84B37DC-1E00-4288-8380-AE9F74247A94}.Release|Any CPU.ActiveCfg = Release|Any CPU
		{A84B37DC-1E00-4288-8380-AE9F74247A94}.Release|Any CPU.Build.0 = Release|Any CPU
		{18FF1C39-5C34-4279-BDBD-A10E68B0837A}.Debug|Any CPU.ActiveCfg = Debug|Any CPU
		{18FF1C39-5C34-4279-BDBD-A10E68B0837A}.Debug|Any CPU.Build.0 = Debug|Any CPU
		{18FF1C39-5C34-4279-BDBD-A10E68B0837A}.Release|Any CPU.ActiveCfg = Release|Any CPU
		{18FF1C39-5C34-4279-BDBD-A10E68B0837A}.Release|Any CPU.Build.0 = Release|Any CPU
		{A74C9431-CB30-434D-A864-F4170F5E2BCF}.Debug|Any CPU.ActiveCfg = Debug|Any CPU
		{A74C9431-CB30-434D-A864-F4170F5E2BCF}.Debug|Any CPU.Build.0 = Debug|Any CPU
		{A74C9431-CB30-434D-A864-F4170F5E2BCF}.Release|Any CPU.ActiveCfg = Release|Any CPU
		{A74C9431-CB30-434D-A864-F4170F5E2BCF}.Release|Any CPU.Build.0 = Release|Any CPU
		{3031489D-E4FB-458C-B327-87CD419EF15E}.Debug|Any CPU.ActiveCfg = Debug|Any CPU
		{3031489D-E4FB-458C-B327-87CD419EF15E}.Debug|Any CPU.Build.0 = Debug|Any CPU
		{3031489D-E4FB-458C-B327-87CD419EF15E}.Release|Any CPU.ActiveCfg = Release|Any CPU
		{3031489D-E4FB-458C-B327-87CD419EF15E}.Release|Any CPU.Build.0 = Release|Any CPU
		{DC18D3F3-70B0-43D2-8824-34E971E35DA4}.Debug|Any CPU.ActiveCfg = Debug|Any CPU
		{DC18D3F3-70B0-43D2-8824-34E971E35DA4}.Debug|Any CPU.Build.0 = Debug|Any CPU
		{DC18D3F3-70B0-43D2-8824-34E971E35DA4}.Release|Any CPU.ActiveCfg = Release|Any CPU
		{DC18D3F3-70B0-43D2-8824-34E971E35DA4}.Release|Any CPU.Build.0 = Release|Any CPU
		{4B07CB26-1C99-4F28-BDD6-4F6662329867}.Debug|Any CPU.ActiveCfg = Debug|Any CPU
		{4B07CB26-1C99-4F28-BDD6-4F6662329867}.Debug|Any CPU.Build.0 = Debug|Any CPU
		{4B07CB26-1C99-4F28-BDD6-4F6662329867}.Release|Any CPU.ActiveCfg = Release|Any CPU
		{4B07CB26-1C99-4F28-BDD6-4F6662329867}.Release|Any CPU.Build.0 = Release|Any CPU
		{029CA2ED-5C0C-4D99-A728-08898CC5086F}.Debug|Any CPU.ActiveCfg = Debug|Any CPU
		{029CA2ED-5C0C-4D99-A728-08898CC5086F}.Debug|Any CPU.Build.0 = Debug|Any CPU
		{029CA2ED-5C0C-4D99-A728-08898CC5086F}.Release|Any CPU.ActiveCfg = Release|Any CPU
		{029CA2ED-5C0C-4D99-A728-08898CC5086F}.Release|Any CPU.Build.0 = Release|Any CPU
	EndGlobalSection
	GlobalSection(SolutionProperties) = preSolution
		HideSolutionNode = FALSE
	EndGlobalSection
	GlobalSection(ExtensibilityGlobals) = postSolution
		SolutionGuid = {96C2AA16-7073-4B9C-967C-D1CBF3590FBC}
	EndGlobalSection
EndGlobal
