
Microsoft Visual Studio Solution File, Format Version 12.00
# Visual Studio Version 16
VisualStudioVersion = 16.0.30204.135
MinimumVisualStudioVersion = 10.0.40219.1
Project("{FAE04EC0-301F-11D3-BF4B-00C04F79EFBC}") = "van_der_Avoirt_Jef_Test", "van_der_Avoirt_Jef_Test\van_der_Avoirt_Jef_Test.csproj", "{F4B0650A-045E-4DEB-88C2-1B28F2B82E3C}"
EndProject
Global
	GlobalSection(SolutionConfigurationPlatforms) = preSolution
		Debug|Any CPU = Debug|Any CPU
		Release|Any CPU = Release|Any CPU
	EndGlobalSection
	GlobalSection(ProjectConfigurationPlatforms) = postSolution
		{F4B0650A-045E-4DEB-88C2-1B28F2B82E3C}.Debug|Any CPU.ActiveCfg = Debug|Any CPU
		{F4B0650A-045E-4DEB-88C2-1B28F2B82E3C}.Debug|Any CPU.Build.0 = Debug|Any CPU
		{F4B0650A-045E-4DEB-88C2-1B28F2B82E3C}.Release|Any CPU.ActiveCfg = Release|Any CPU
		{F4B0650A-045E-4DEB-88C2-1B28F2B82E3C}.Release|Any CPU.Build.0 = Release|Any CPU
	EndGlobalSection
	GlobalSection(SolutionProperties) = preSolution
		HideSolutionNode = FALSE
	EndGlobalSection
	GlobalSection(ExtensibilityGlobals) = postSolution
		SolutionGuid = {B84EB862-2C95-4E6E-91E4-C816448B4B4B}
	EndGlobalSection
EndGlobal
