
Microsoft Visual Studio Solution File, Format Version 12.00
# Visual Studio Version 16
VisualStudioVersion = 16.0.30413.136
MinimumVisualStudioVersion = 10.0.40219.1
Project("{FAE04EC0-301F-11D3-BF4B-00C04F79EFBC}") = "Pong", "Pong\Pong.csproj", "{B6ED328F-1065-4CE5-A6F3-CA6E7489E1FB}"
EndProject
Global
	GlobalSection(SolutionConfigurationPlatforms) = preSolution
		Debug|Any CPU = Debug|Any CPU
		Release|Any CPU = Release|Any CPU
	EndGlobalSection
	GlobalSection(ProjectConfigurationPlatforms) = postSolution
		{B6ED328F-1065-4CE5-A6F3-CA6E7489E1FB}.Debug|Any CPU.ActiveCfg = Debug|Any CPU
		{B6ED328F-1065-4CE5-A6F3-CA6E7489E1FB}.Debug|Any CPU.Build.0 = Debug|Any CPU
		{B6ED328F-1065-4CE5-A6F3-CA6E7489E1FB}.Release|Any CPU.ActiveCfg = Release|Any CPU
		{B6ED328F-1065-4CE5-A6F3-CA6E7489E1FB}.Release|Any CPU.Build.0 = Release|Any CPU
	EndGlobalSection
	GlobalSection(SolutionProperties) = preSolution
		HideSolutionNode = FALSE
	EndGlobalSection
	GlobalSection(ExtensibilityGlobals) = postSolution
		SolutionGuid = {0AE72690-4788-4D5C-96D9-21CD01F735F7}
	EndGlobalSection
EndGlobal
